
Microsoft Visual Studio Solution File, Format Version 12.00
# Visual Studio Version 17
VisualStudioVersion = 17.4.33205.214
MinimumVisualStudioVersion = 10.0.40219.1
Project("{2150E333-8FDC-42A3-9474-1A3956D46DE8}") = "Src", "Src", "{E29B4D4A-76AE-454F-8CD8-90148AA01D52}"
EndProject
Project("{D954291E-2A0B-460D-934E-DC6B0785DB48}") = "AVMHomeAutomationShare", "Src\AVMHomeAutomationShare\AVMHomeAutomationShare.shproj", "{24D7D656-F7DB-4224-9A85-AFE38FF6E4DE}"
EndProject
Project("{9A19103F-16F7-4668-BE54-9A1E7A4F7556}") = "AVMHomeAutomationStandard20", "Src\AVMHomeAutomationStandard20\AVMHomeAutomationStandard20.csproj", "{1760CF74-36A4-4757-8AA9-D6293891499E}"
EndProject
Project("{2150E333-8FDC-42A3-9474-1A3956D46DE8}") = "Demo", "Demo", "{4BAFC641-0FD7-498A-8B36-AF3E13EDA6AE}"
EndProject
Project("{2150E333-8FDC-42A3-9474-1A3956D46DE8}") = "Doc", "Doc", "{7B950365-049E-4729-8810-1B9826FEA9D0}"
EndProject
Project("{2150E333-8FDC-42A3-9474-1A3956D46DE8}") = "Test", "Test", "{6BBFABC6-1D46-4ECE-A9A0-D4F98E5EFD2E}"
EndProject
Project("{9A19103F-16F7-4668-BE54-9A1E7A4F7556}") = "AVMHomeAutomation70", "Src\AVMHomeAutomation70\AVMHomeAutomation70.csproj", "{F5DF3BEB-95C6-4764-8485-A24EC59E8282}"
EndProject
Project("{9A19103F-16F7-4668-BE54-9A1E7A4F7556}") = "AVMHomeAutomation60", "Src\AVMHomeAutomation60\AVMHomeAutomation60.csproj", "{556F3062-2219-4105-A7A4-9E03C985037B}"
EndProject
Project("{9A19103F-16F7-4668-BE54-9A1E7A4F7556}") = "AVMHomeAutomation50", "Src\AVMHomeAutomation50\AVMHomeAutomation50.csproj", "{AB16AC34-84E0-410B-BD72-9A338D8E8CEF}"
EndProject
Project("{9A19103F-16F7-4668-BE54-9A1E7A4F7556}") = "AVMHomeAutomationDemo70", "Demo\AVMHomeAutomationDemo70\AVMHomeAutomationDemo70.csproj", "{BA8C492E-9936-4839-A947-D9C265CFFD2D}"
EndProject
Project("{9A19103F-16F7-4668-BE54-9A1E7A4F7556}") = "AVMHomeAutomationTest70", "Test\AVMHomeAutomationTest70\AVMHomeAutomationTest70.csproj", "{151A5CCC-C7AA-482A-9A25-2B6131D649D9}"
EndProject
Project("{7CF6DF6D-3B04-46F8-A40B-537D21BCA0B4}") = "AVMHomeAutomationDoc", "Doc\AVMHomeAutomationDoc\AVMHomeAutomationDoc.shfbproj", "{7A0F58B4-D1BD-4F0D-B62A-63BE67F9F5DC}"
	ProjectSection(ProjectDependencies) = postProject
		{F5DF3BEB-95C6-4764-8485-A24EC59E8282} = {F5DF3BEB-95C6-4764-8485-A24EC59E8282}
	EndProjectSection
EndProject
Project("{2150E333-8FDC-42A3-9474-1A3956D46DE8}") = "Report", "Report", "{F6B4B28F-9527-4AD6-831E-F05352B0782C}"
EndProject
Project("{9A19103F-16F7-4668-BE54-9A1E7A4F7556}") = "AVMHomeAutomationReport70", "Report\AVMHomeAutomationReport70\AVMHomeAutomationReport70.csproj", "{A8E6E9FE-4CC7-48C6-800E-5245ED1A2DFE}"
EndProject
Project("{FAE04EC0-301F-11D3-BF4B-00C04F79EFBC}") = "AVMHomeAutomation48", "Src\AVMHomeAutomation48\AVMHomeAutomation48.csproj", "{83F27F9F-8AF7-46AF-934B-BC5F65290028}"
EndProject
Project("{FAE04EC0-301F-11D3-BF4B-00C04F79EFBC}") = "AVMHomeAutomation462", "Src\AVMHomeAutomation462\AVMHomeAutomation462.csproj", "{BF30B41B-6500-4AFE-A646-59FA108167AA}"
EndProject
Project("{9A19103F-16F7-4668-BE54-9A1E7A4F7556}") = "AVMHomeAutomation80", "Src\AVMHomeAutomation80\AVMHomeAutomation80.csproj", "{F3303C19-802E-4BF1-84D9-61CE4D93BD4B}"
EndProject
Global
	GlobalSection(SolutionConfigurationPlatforms) = preSolution
		Debug|Any CPU = Debug|Any CPU
		Debug|ARM = Debug|ARM
		Debug|ARM64 = Debug|ARM64
		Debug|x64 = Debug|x64
		Debug|x86 = Debug|x86
		Release|Any CPU = Release|Any CPU
		Release|ARM = Release|ARM
		Release|ARM64 = Release|ARM64
		Release|x64 = Release|x64
		Release|x86 = Release|x86
	EndGlobalSection
	GlobalSection(ProjectConfigurationPlatforms) = postSolution
		{1760CF74-36A4-4757-8AA9-D6293891499E}.Debug|Any CPU.ActiveCfg = Debug|Any CPU
		{1760CF74-36A4-4757-8AA9-D6293891499E}.Debug|Any CPU.Build.0 = Debug|Any CPU
		{1760CF74-36A4-4757-8AA9-D6293891499E}.Debug|ARM.ActiveCfg = Debug|Any CPU
		{1760CF74-36A4-4757-8AA9-D6293891499E}.Debug|ARM.Build.0 = Debug|Any CPU
		{1760CF74-36A4-4757-8AA9-D6293891499E}.Debug|ARM64.ActiveCfg = Debug|Any CPU
		{1760CF74-36A4-4757-8AA9-D6293891499E}.Debug|ARM64.Build.0 = Debug|Any CPU
		{1760CF74-36A4-4757-8AA9-D6293891499E}.Debug|x64.ActiveCfg = Debug|Any CPU
		{1760CF74-36A4-4757-8AA9-D6293891499E}.Debug|x64.Build.0 = Debug|Any CPU
		{1760CF74-36A4-4757-8AA9-D6293891499E}.Debug|x86.ActiveCfg = Debug|Any CPU
		{1760CF74-36A4-4757-8AA9-D6293891499E}.Debug|x86.Build.0 = Debug|Any CPU
		{1760CF74-36A4-4757-8AA9-D6293891499E}.Release|Any CPU.ActiveCfg = Release|Any CPU
		{1760CF74-36A4-4757-8AA9-D6293891499E}.Release|Any CPU.Build.0 = Release|Any CPU
		{1760CF74-36A4-4757-8AA9-D6293891499E}.Release|ARM.ActiveCfg = Release|Any CPU
		{1760CF74-36A4-4757-8AA9-D6293891499E}.Release|ARM.Build.0 = Release|Any CPU
		{1760CF74-36A4-4757-8AA9-D6293891499E}.Release|ARM64.ActiveCfg = Release|Any CPU
		{1760CF74-36A4-4757-8AA9-D6293891499E}.Release|ARM64.Build.0 = Release|Any CPU
		{1760CF74-36A4-4757-8AA9-D6293891499E}.Release|x64.ActiveCfg = Release|Any CPU
		{1760CF74-36A4-4757-8AA9-D6293891499E}.Release|x64.Build.0 = Release|Any CPU
		{1760CF74-36A4-4757-8AA9-D6293891499E}.Release|x86.ActiveCfg = Release|Any CPU
		{1760CF74-36A4-4757-8AA9-D6293891499E}.Release|x86.Build.0 = Release|Any CPU
		{F5DF3BEB-95C6-4764-8485-A24EC59E8282}.Debug|Any CPU.ActiveCfg = Debug|Any CPU
		{F5DF3BEB-95C6-4764-8485-A24EC59E8282}.Debug|Any CPU.Build.0 = Debug|Any CPU
		{F5DF3BEB-95C6-4764-8485-A24EC59E8282}.Debug|ARM.ActiveCfg = Debug|Any CPU
		{F5DF3BEB-95C6-4764-8485-A24EC59E8282}.Debug|ARM.Build.0 = Debug|Any CPU
		{F5DF3BEB-95C6-4764-8485-A24EC59E8282}.Debug|ARM64.ActiveCfg = Debug|Any CPU
		{F5DF3BEB-95C6-4764-8485-A24EC59E8282}.Debug|ARM64.Build.0 = Debug|Any CPU
		{F5DF3BEB-95C6-4764-8485-A24EC59E8282}.Debug|x64.ActiveCfg = Debug|Any CPU
		{F5DF3BEB-95C6-4764-8485-A24EC59E8282}.Debug|x64.Build.0 = Debug|Any CPU
		{F5DF3BEB-95C6-4764-8485-A24EC59E8282}.Debug|x86.ActiveCfg = Debug|Any CPU
		{F5DF3BEB-95C6-4764-8485-A24EC59E8282}.Debug|x86.Build.0 = Debug|Any CPU
		{F5DF3BEB-95C6-4764-8485-A24EC59E8282}.Release|Any CPU.ActiveCfg = Release|Any CPU
		{F5DF3BEB-95C6-4764-8485-A24EC59E8282}.Release|Any CPU.Build.0 = Release|Any CPU
		{F5DF3BEB-95C6-4764-8485-A24EC59E8282}.Release|ARM.ActiveCfg = Release|Any CPU
		{F5DF3BEB-95C6-4764-8485-A24EC59E8282}.Release|ARM.Build.0 = Release|Any CPU
		{F5DF3BEB-95C6-4764-8485-A24EC59E8282}.Release|ARM64.ActiveCfg = Release|Any CPU
		{F5DF3BEB-95C6-4764-8485-A24EC59E8282}.Release|ARM64.Build.0 = Release|Any CPU
		{F5DF3BEB-95C6-4764-8485-A24EC59E8282}.Release|x64.ActiveCfg = Release|Any CPU
		{F5DF3BEB-95C6-4764-8485-A24EC59E8282}.Release|x64.Build.0 = Release|Any CPU
		{F5DF3BEB-95C6-4764-8485-A24EC59E8282}.Release|x86.ActiveCfg = Release|Any CPU
		{F5DF3BEB-95C6-4764-8485-A24EC59E8282}.Release|x86.Build.0 = Release|Any CPU
		{556F3062-2219-4105-A7A4-9E03C985037B}.Debug|Any CPU.ActiveCfg = Debug|Any CPU
		{556F3062-2219-4105-A7A4-9E03C985037B}.Debug|Any CPU.Build.0 = Debug|Any CPU
		{556F3062-2219-4105-A7A4-9E03C985037B}.Debug|ARM.ActiveCfg = Debug|Any CPU
		{556F3062-2219-4105-A7A4-9E03C985037B}.Debug|ARM.Build.0 = Debug|Any CPU
		{556F3062-2219-4105-A7A4-9E03C985037B}.Debug|ARM64.ActiveCfg = Debug|Any CPU
		{556F3062-2219-4105-A7A4-9E03C985037B}.Debug|ARM64.Build.0 = Debug|Any CPU
		{556F3062-2219-4105-A7A4-9E03C985037B}.Debug|x64.ActiveCfg = Debug|Any CPU
		{556F3062-2219-4105-A7A4-9E03C985037B}.Debug|x64.Build.0 = Debug|Any CPU
		{556F3062-2219-4105-A7A4-9E03C985037B}.Debug|x86.ActiveCfg = Debug|Any CPU
		{556F3062-2219-4105-A7A4-9E03C985037B}.Debug|x86.Build.0 = Debug|Any CPU
		{556F3062-2219-4105-A7A4-9E03C985037B}.Release|Any CPU.ActiveCfg = Release|Any CPU
		{556F3062-2219-4105-A7A4-9E03C985037B}.Release|Any CPU.Build.0 = Release|Any CPU
		{556F3062-2219-4105-A7A4-9E03C985037B}.Release|ARM.ActiveCfg = Release|Any CPU
		{556F3062-2219-4105-A7A4-9E03C985037B}.Release|ARM.Build.0 = Release|Any CPU
		{556F3062-2219-4105-A7A4-9E03C985037B}.Release|ARM64.ActiveCfg = Release|Any CPU
		{556F3062-2219-4105-A7A4-9E03C985037B}.Release|ARM64.Build.0 = Release|Any CPU
		{556F3062-2219-4105-A7A4-9E03C985037B}.Release|x64.ActiveCfg = Release|Any CPU
		{556F3062-2219-4105-A7A4-9E03C985037B}.Release|x64.Build.0 = Release|Any CPU
		{556F3062-2219-4105-A7A4-9E03C985037B}.Release|x86.ActiveCfg = Release|Any CPU
		{556F3062-2219-4105-A7A4-9E03C985037B}.Release|x86.Build.0 = Release|Any CPU
		{AB16AC34-84E0-410B-BD72-9A338D8E8CEF}.Debug|Any CPU.ActiveCfg = Debug|Any CPU
		{AB16AC34-84E0-410B-BD72-9A338D8E8CEF}.Debug|Any CPU.Build.0 = Debug|Any CPU
		{AB16AC34-84E0-410B-BD72-9A338D8E8CEF}.Debug|ARM.ActiveCfg = Debug|Any CPU
		{AB16AC34-84E0-410B-BD72-9A338D8E8CEF}.Debug|ARM.Build.0 = Debug|Any CPU
		{AB16AC34-84E0-410B-BD72-9A338D8E8CEF}.Debug|ARM64.ActiveCfg = Debug|Any CPU
		{AB16AC34-84E0-410B-BD72-9A338D8E8CEF}.Debug|ARM64.Build.0 = Debug|Any CPU
		{AB16AC34-84E0-410B-BD72-9A338D8E8CEF}.Debug|x64.ActiveCfg = Debug|Any CPU
		{AB16AC34-84E0-410B-BD72-9A338D8E8CEF}.Debug|x64.Build.0 = Debug|Any CPU
		{AB16AC34-84E0-410B-BD72-9A338D8E8CEF}.Debug|x86.ActiveCfg = Debug|Any CPU
		{AB16AC34-84E0-410B-BD72-9A338D8E8CEF}.Debug|x86.Build.0 = Debug|Any CPU
		{AB16AC34-84E0-410B-BD72-9A338D8E8CEF}.Release|Any CPU.ActiveCfg = Release|Any CPU
		{AB16AC34-84E0-410B-BD72-9A338D8E8CEF}.Release|Any CPU.Build.0 = Release|Any CPU
		{AB16AC34-84E0-410B-BD72-9A338D8E8CEF}.Release|ARM.ActiveCfg = Release|Any CPU
		{AB16AC34-84E0-410B-BD72-9A338D8E8CEF}.Release|ARM.Build.0 = Release|Any CPU
		{AB16AC34-84E0-410B-BD72-9A338D8E8CEF}.Release|ARM64.ActiveCfg = Release|Any CPU
		{AB16AC34-84E0-410B-BD72-9A338D8E8CEF}.Release|ARM64.Build.0 = Release|Any CPU
		{AB16AC34-84E0-410B-BD72-9A338D8E8CEF}.Release|x64.ActiveCfg = Release|Any CPU
		{AB16AC34-84E0-410B-BD72-9A338D8E8CEF}.Release|x64.Build.0 = Release|Any CPU
		{AB16AC34-84E0-410B-BD72-9A338D8E8CEF}.Release|x86.ActiveCfg = Release|Any CPU
		{AB16AC34-84E0-410B-BD72-9A338D8E8CEF}.Release|x86.Build.0 = Release|Any CPU
		{BA8C492E-9936-4839-A947-D9C265CFFD2D}.Debug|Any CPU.ActiveCfg = Debug|Any CPU
		{BA8C492E-9936-4839-A947-D9C265CFFD2D}.Debug|Any CPU.Build.0 = Debug|Any CPU
		{BA8C492E-9936-4839-A947-D9C265CFFD2D}.Debug|ARM.ActiveCfg = Debug|Any CPU
		{BA8C492E-9936-4839-A947-D9C265CFFD2D}.Debug|ARM.Build.0 = Debug|Any CPU
		{BA8C492E-9936-4839-A947-D9C265CFFD2D}.Debug|ARM64.ActiveCfg = Debug|Any CPU
		{BA8C492E-9936-4839-A947-D9C265CFFD2D}.Debug|ARM64.Build.0 = Debug|Any CPU
		{BA8C492E-9936-4839-A947-D9C265CFFD2D}.Debug|x64.ActiveCfg = Debug|Any CPU
		{BA8C492E-9936-4839-A947-D9C265CFFD2D}.Debug|x64.Build.0 = Debug|Any CPU
		{BA8C492E-9936-4839-A947-D9C265CFFD2D}.Debug|x86.ActiveCfg = Debug|Any CPU
		{BA8C492E-9936-4839-A947-D9C265CFFD2D}.Debug|x86.Build.0 = Debug|Any CPU
		{BA8C492E-9936-4839-A947-D9C265CFFD2D}.Release|Any CPU.ActiveCfg = Release|Any CPU
		{BA8C492E-9936-4839-A947-D9C265CFFD2D}.Release|Any CPU.Build.0 = Release|Any CPU
		{BA8C492E-9936-4839-A947-D9C265CFFD2D}.Release|ARM.ActiveCfg = Release|Any CPU
		{BA8C492E-9936-4839-A947-D9C265CFFD2D}.Release|ARM.Build.0 = Release|Any CPU
		{BA8C492E-9936-4839-A947-D9C265CFFD2D}.Release|ARM64.ActiveCfg = Release|Any CPU
		{BA8C492E-9936-4839-A947-D9C265CFFD2D}.Release|ARM64.Build.0 = Release|Any CPU
		{BA8C492E-9936-4839-A947-D9C265CFFD2D}.Release|x64.ActiveCfg = Release|Any CPU
		{BA8C492E-9936-4839-A947-D9C265CFFD2D}.Release|x64.Build.0 = Release|Any CPU
		{BA8C492E-9936-4839-A947-D9C265CFFD2D}.Release|x86.ActiveCfg = Release|Any CPU
		{BA8C492E-9936-4839-A947-D9C265CFFD2D}.Release|x86.Build.0 = Release|Any CPU
		{151A5CCC-C7AA-482A-9A25-2B6131D649D9}.Debug|Any CPU.ActiveCfg = Debug|Any CPU
		{151A5CCC-C7AA-482A-9A25-2B6131D649D9}.Debug|Any CPU.Build.0 = Debug|Any CPU
		{151A5CCC-C7AA-482A-9A25-2B6131D649D9}.Debug|ARM.ActiveCfg = Debug|Any CPU
		{151A5CCC-C7AA-482A-9A25-2B6131D649D9}.Debug|ARM.Build.0 = Debug|Any CPU
		{151A5CCC-C7AA-482A-9A25-2B6131D649D9}.Debug|ARM64.ActiveCfg = Debug|Any CPU
		{151A5CCC-C7AA-482A-9A25-2B6131D649D9}.Debug|ARM64.Build.0 = Debug|Any CPU
		{151A5CCC-C7AA-482A-9A25-2B6131D649D9}.Debug|x64.ActiveCfg = Debug|Any CPU
		{151A5CCC-C7AA-482A-9A25-2B6131D649D9}.Debug|x64.Build.0 = Debug|Any CPU
		{151A5CCC-C7AA-482A-9A25-2B6131D649D9}.Debug|x86.ActiveCfg = Debug|Any CPU
		{151A5CCC-C7AA-482A-9A25-2B6131D649D9}.Debug|x86.Build.0 = Debug|Any CPU
		{151A5CCC-C7AA-482A-9A25-2B6131D649D9}.Release|Any CPU.ActiveCfg = Release|Any CPU
		{151A5CCC-C7AA-482A-9A25-2B6131D649D9}.Release|Any CPU.Build.0 = Release|Any CPU
		{151A5CCC-C7AA-482A-9A25-2B6131D649D9}.Release|ARM.ActiveCfg = Release|Any CPU
		{151A5CCC-C7AA-482A-9A25-2B6131D649D9}.Release|ARM.Build.0 = Release|Any CPU
		{151A5CCC-C7AA-482A-9A25-2B6131D649D9}.Release|ARM64.ActiveCfg = Release|Any CPU
		{151A5CCC-C7AA-482A-9A25-2B6131D649D9}.Release|ARM64.Build.0 = Release|Any CPU
		{151A5CCC-C7AA-482A-9A25-2B6131D649D9}.Release|x64.ActiveCfg = Release|Any CPU
		{151A5CCC-C7AA-482A-9A25-2B6131D649D9}.Release|x64.Build.0 = Release|Any CPU
		{151A5CCC-C7AA-482A-9A25-2B6131D649D9}.Release|x86.ActiveCfg = Release|Any CPU
		{151A5CCC-C7AA-482A-9A25-2B6131D649D9}.Release|x86.Build.0 = Release|Any CPU
		{7A0F58B4-D1BD-4F0D-B62A-63BE67F9F5DC}.Debug|Any CPU.ActiveCfg = Debug|Any CPU
		{7A0F58B4-D1BD-4F0D-B62A-63BE67F9F5DC}.Debug|ARM.ActiveCfg = Debug|Any CPU
		{7A0F58B4-D1BD-4F0D-B62A-63BE67F9F5DC}.Debug|ARM.Build.0 = Debug|Any CPU
		{7A0F58B4-D1BD-4F0D-B62A-63BE67F9F5DC}.Debug|ARM64.ActiveCfg = Debug|Any CPU
		{7A0F58B4-D1BD-4F0D-B62A-63BE67F9F5DC}.Debug|ARM64.Build.0 = Debug|Any CPU
		{7A0F58B4-D1BD-4F0D-B62A-63BE67F9F5DC}.Debug|x64.ActiveCfg = Debug|Any CPU
		{7A0F58B4-D1BD-4F0D-B62A-63BE67F9F5DC}.Debug|x64.Build.0 = Debug|Any CPU
		{7A0F58B4-D1BD-4F0D-B62A-63BE67F9F5DC}.Debug|x86.ActiveCfg = Debug|Any CPU
		{7A0F58B4-D1BD-4F0D-B62A-63BE67F9F5DC}.Debug|x86.Build.0 = Debug|Any CPU
		{7A0F58B4-D1BD-4F0D-B62A-63BE67F9F5DC}.Release|Any CPU.ActiveCfg = Release|Any CPU
		{7A0F58B4-D1BD-4F0D-B62A-63BE67F9F5DC}.Release|Any CPU.Build.0 = Release|Any CPU
		{7A0F58B4-D1BD-4F0D-B62A-63BE67F9F5DC}.Release|ARM.ActiveCfg = Release|Any CPU
		{7A0F58B4-D1BD-4F0D-B62A-63BE67F9F5DC}.Release|ARM.Build.0 = Release|Any CPU
		{7A0F58B4-D1BD-4F0D-B62A-63BE67F9F5DC}.Release|ARM64.ActiveCfg = Release|Any CPU
		{7A0F58B4-D1BD-4F0D-B62A-63BE67F9F5DC}.Release|ARM64.Build.0 = Release|Any CPU
		{7A0F58B4-D1BD-4F0D-B62A-63BE67F9F5DC}.Release|x64.ActiveCfg = Release|Any CPU
		{7A0F58B4-D1BD-4F0D-B62A-63BE67F9F5DC}.Release|x64.Build.0 = Release|Any CPU
		{7A0F58B4-D1BD-4F0D-B62A-63BE67F9F5DC}.Release|x86.ActiveCfg = Release|Any CPU
		{7A0F58B4-D1BD-4F0D-B62A-63BE67F9F5DC}.Release|x86.Build.0 = Release|Any CPU
		{A8E6E9FE-4CC7-48C6-800E-5245ED1A2DFE}.Debug|Any CPU.ActiveCfg = Debug|Any CPU
		{A8E6E9FE-4CC7-48C6-800E-5245ED1A2DFE}.Debug|Any CPU.Build.0 = Debug|Any CPU
		{A8E6E9FE-4CC7-48C6-800E-5245ED1A2DFE}.Debug|ARM.ActiveCfg = Debug|Any CPU
		{A8E6E9FE-4CC7-48C6-800E-5245ED1A2DFE}.Debug|ARM.Build.0 = Debug|Any CPU
		{A8E6E9FE-4CC7-48C6-800E-5245ED1A2DFE}.Debug|ARM64.ActiveCfg = Debug|Any CPU
		{A8E6E9FE-4CC7-48C6-800E-5245ED1A2DFE}.Debug|ARM64.Build.0 = Debug|Any CPU
		{A8E6E9FE-4CC7-48C6-800E-5245ED1A2DFE}.Debug|x64.ActiveCfg = Debug|Any CPU
		{A8E6E9FE-4CC7-48C6-800E-5245ED1A2DFE}.Debug|x64.Build.0 = Debug|Any CPU
		{A8E6E9FE-4CC7-48C6-800E-5245ED1A2DFE}.Debug|x86.ActiveCfg = Debug|Any CPU
		{A8E6E9FE-4CC7-48C6-800E-5245ED1A2DFE}.Debug|x86.Build.0 = Debug|Any CPU
		{A8E6E9FE-4CC7-48C6-800E-5245ED1A2DFE}.Release|Any CPU.ActiveCfg = Release|Any CPU
		{A8E6E9FE-4CC7-48C6-800E-5245ED1A2DFE}.Release|Any CPU.Build.0 = Release|Any CPU
		{A8E6E9FE-4CC7-48C6-800E-5245ED1A2DFE}.Release|ARM.ActiveCfg = Release|Any CPU
		{A8E6E9FE-4CC7-48C6-800E-5245ED1A2DFE}.Release|ARM.Build.0 = Release|Any CPU
		{A8E6E9FE-4CC7-48C6-800E-5245ED1A2DFE}.Release|ARM64.ActiveCfg = Release|Any CPU
		{A8E6E9FE-4CC7-48C6-800E-5245ED1A2DFE}.Release|ARM64.Build.0 = Release|Any CPU
		{A8E6E9FE-4CC7-48C6-800E-5245ED1A2DFE}.Release|x64.ActiveCfg = Release|Any CPU
		{A8E6E9FE-4CC7-48C6-800E-5245ED1A2DFE}.Release|x64.Build.0 = Release|Any CPU
		{A8E6E9FE-4CC7-48C6-800E-5245ED1A2DFE}.Release|x86.ActiveCfg = Release|Any CPU
		{A8E6E9FE-4CC7-48C6-800E-5245ED1A2DFE}.Release|x86.Build.0 = Release|Any CPU
		{83F27F9F-8AF7-46AF-934B-BC5F65290028}.Debug|Any CPU.ActiveCfg = Debug|Any CPU
		{83F27F9F-8AF7-46AF-934B-BC5F65290028}.Debug|Any CPU.Build.0 = Debug|Any CPU
		{83F27F9F-8AF7-46AF-934B-BC5F65290028}.Debug|ARM.ActiveCfg = Debug|Any CPU
		{83F27F9F-8AF7-46AF-934B-BC5F65290028}.Debug|ARM.Build.0 = Debug|Any CPU
		{83F27F9F-8AF7-46AF-934B-BC5F65290028}.Debug|ARM64.ActiveCfg = Debug|Any CPU
		{83F27F9F-8AF7-46AF-934B-BC5F65290028}.Debug|ARM64.Build.0 = Debug|Any CPU
		{83F27F9F-8AF7-46AF-934B-BC5F65290028}.Debug|x64.ActiveCfg = Debug|Any CPU
		{83F27F9F-8AF7-46AF-934B-BC5F65290028}.Debug|x64.Build.0 = Debug|Any CPU
		{83F27F9F-8AF7-46AF-934B-BC5F65290028}.Debug|x86.ActiveCfg = Debug|Any CPU
		{83F27F9F-8AF7-46AF-934B-BC5F65290028}.Debug|x86.Build.0 = Debug|Any CPU
		{83F27F9F-8AF7-46AF-934B-BC5F65290028}.Release|Any CPU.ActiveCfg = Release|Any CPU
		{83F27F9F-8AF7-46AF-934B-BC5F65290028}.Release|Any CPU.Build.0 = Release|Any CPU
		{83F27F9F-8AF7-46AF-934B-BC5F65290028}.Release|ARM.ActiveCfg = Release|Any CPU
		{83F27F9F-8AF7-46AF-934B-BC5F65290028}.Release|ARM.Build.0 = Release|Any CPU
		{83F27F9F-8AF7-46AF-934B-BC5F65290028}.Release|ARM64.ActiveCfg = Release|Any CPU
		{83F27F9F-8AF7-46AF-934B-BC5F65290028}.Release|ARM64.Build.0 = Release|Any CPU
		{83F27F9F-8AF7-46AF-934B-BC5F65290028}.Release|x64.ActiveCfg = Release|Any CPU
		{83F27F9F-8AF7-46AF-934B-BC5F65290028}.Release|x64.Build.0 = Release|Any CPU
		{83F27F9F-8AF7-46AF-934B-BC5F65290028}.Release|x86.ActiveCfg = Release|Any CPU
		{83F27F9F-8AF7-46AF-934B-BC5F65290028}.Release|x86.Build.0 = Release|Any CPU
		{BF30B41B-6500-4AFE-A646-59FA108167AA}.Debug|Any CPU.ActiveCfg = Debug|Any CPU
		{BF30B41B-6500-4AFE-A646-59FA108167AA}.Debug|Any CPU.Build.0 = Debug|Any CPU
		{BF30B41B-6500-4AFE-A646-59FA108167AA}.Debug|ARM.ActiveCfg = Debug|Any CPU
		{BF30B41B-6500-4AFE-A646-59FA108167AA}.Debug|ARM.Build.0 = Debug|Any CPU
		{BF30B41B-6500-4AFE-A646-59FA108167AA}.Debug|ARM64.ActiveCfg = Debug|Any CPU
		{BF30B41B-6500-4AFE-A646-59FA108167AA}.Debug|ARM64.Build.0 = Debug|Any CPU
		{BF30B41B-6500-4AFE-A646-59FA108167AA}.Debug|x64.ActiveCfg = Debug|Any CPU
		{BF30B41B-6500-4AFE-A646-59FA108167AA}.Debug|x64.Build.0 = Debug|Any CPU
		{BF30B41B-6500-4AFE-A646-59FA108167AA}.Debug|x86.ActiveCfg = Debug|Any CPU
		{BF30B41B-6500-4AFE-A646-59FA108167AA}.Debug|x86.Build.0 = Debug|Any CPU
		{BF30B41B-6500-4AFE-A646-59FA108167AA}.Release|Any CPU.ActiveCfg = Release|Any CPU
		{BF30B41B-6500-4AFE-A646-59FA108167AA}.Release|Any CPU.Build.0 = Release|Any CPU
		{BF30B41B-6500-4AFE-A646-59FA108167AA}.Release|ARM.ActiveCfg = Release|Any CPU
		{BF30B41B-6500-4AFE-A646-59FA108167AA}.Release|ARM.Build.0 = Release|Any CPU
		{BF30B41B-6500-4AFE-A646-59FA108167AA}.Release|ARM64.ActiveCfg = Release|Any CPU
		{BF30B41B-6500-4AFE-A646-59FA108167AA}.Release|ARM64.Build.0 = Release|Any CPU
		{BF30B41B-6500-4AFE-A646-59FA108167AA}.Release|x64.ActiveCfg = Release|Any CPU
		{BF30B41B-6500-4AFE-A646-59FA108167AA}.Release|x64.Build.0 = Release|Any CPU
		{BF30B41B-6500-4AFE-A646-59FA108167AA}.Release|x86.ActiveCfg = Release|Any CPU
		{BF30B41B-6500-4AFE-A646-59FA108167AA}.Release|x86.Build.0 = Release|Any CPU
		{F3303C19-802E-4BF1-84D9-61CE4D93BD4B}.Debug|Any CPU.ActiveCfg = Debug|Any CPU
		{F3303C19-802E-4BF1-84D9-61CE4D93BD4B}.Debug|Any CPU.Build.0 = Debug|Any CPU
		{F3303C19-802E-4BF1-84D9-61CE4D93BD4B}.Debug|ARM.ActiveCfg = Debug|Any CPU
		{F3303C19-802E-4BF1-84D9-61CE4D93BD4B}.Debug|ARM.Build.0 = Debug|Any CPU
		{F3303C19-802E-4BF1-84D9-61CE4D93BD4B}.Debug|ARM64.ActiveCfg = Debug|Any CPU
		{F3303C19-802E-4BF1-84D9-61CE4D93BD4B}.Debug|ARM64.Build.0 = Debug|Any CPU
		{F3303C19-802E-4BF1-84D9-61CE4D93BD4B}.Debug|x64.ActiveCfg = Debug|Any CPU
		{F3303C19-802E-4BF1-84D9-61CE4D93BD4B}.Debug|x64.Build.0 = Debug|Any CPU
		{F3303C19-802E-4BF1-84D9-61CE4D93BD4B}.Debug|x86.ActiveCfg = Debug|Any CPU
		{F3303C19-802E-4BF1-84D9-61CE4D93BD4B}.Debug|x86.Build.0 = Debug|Any CPU
		{F3303C19-802E-4BF1-84D9-61CE4D93BD4B}.Release|Any CPU.ActiveCfg = Release|Any CPU
		{F3303C19-802E-4BF1-84D9-61CE4D93BD4B}.Release|Any CPU.Build.0 = Release|Any CPU
		{F3303C19-802E-4BF1-84D9-61CE4D93BD4B}.Release|ARM.ActiveCfg = Release|Any CPU
		{F3303C19-802E-4BF1-84D9-61CE4D93BD4B}.Release|ARM.Build.0 = Release|Any CPU
		{F3303C19-802E-4BF1-84D9-61CE4D93BD4B}.Release|ARM64.ActiveCfg = Release|Any CPU
		{F3303C19-802E-4BF1-84D9-61CE4D93BD4B}.Release|ARM64.Build.0 = Release|Any CPU
		{F3303C19-802E-4BF1-84D9-61CE4D93BD4B}.Release|x64.ActiveCfg = Release|Any CPU
		{F3303C19-802E-4BF1-84D9-61CE4D93BD4B}.Release|x64.Build.0 = Release|Any CPU
		{F3303C19-802E-4BF1-84D9-61CE4D93BD4B}.Release|x86.ActiveCfg = Release|Any CPU
		{F3303C19-802E-4BF1-84D9-61CE4D93BD4B}.Release|x86.Build.0 = Release|Any CPU
	EndGlobalSection
	GlobalSection(SolutionProperties) = preSolution
		HideSolutionNode = FALSE
	EndGlobalSection
	GlobalSection(NestedProjects) = preSolution
		{24D7D656-F7DB-4224-9A85-AFE38FF6E4DE} = {E29B4D4A-76AE-454F-8CD8-90148AA01D52}
		{1760CF74-36A4-4757-8AA9-D6293891499E} = {E29B4D4A-76AE-454F-8CD8-90148AA01D52}
		{F5DF3BEB-95C6-4764-8485-A24EC59E8282} = {E29B4D4A-76AE-454F-8CD8-90148AA01D52}
		{556F3062-2219-4105-A7A4-9E03C985037B} = {E29B4D4A-76AE-454F-8CD8-90148AA01D52}
		{AB16AC34-84E0-410B-BD72-9A338D8E8CEF} = {E29B4D4A-76AE-454F-8CD8-90148AA01D52}
		{BA8C492E-9936-4839-A947-D9C265CFFD2D} = {4BAFC641-0FD7-498A-8B36-AF3E13EDA6AE}
		{151A5CCC-C7AA-482A-9A25-2B6131D649D9} = {6BBFABC6-1D46-4ECE-A9A0-D4F98E5EFD2E}
		{7A0F58B4-D1BD-4F0D-B62A-63BE67F9F5DC} = {7B950365-049E-4729-8810-1B9826FEA9D0}
		{A8E6E9FE-4CC7-48C6-800E-5245ED1A2DFE} = {F6B4B28F-9527-4AD6-831E-F05352B0782C}
		{83F27F9F-8AF7-46AF-934B-BC5F65290028} = {E29B4D4A-76AE-454F-8CD8-90148AA01D52}
		{BF30B41B-6500-4AFE-A646-59FA108167AA} = {E29B4D4A-76AE-454F-8CD8-90148AA01D52}
		{F3303C19-802E-4BF1-84D9-61CE4D93BD4B} = {E29B4D4A-76AE-454F-8CD8-90148AA01D52}
	EndGlobalSection
	GlobalSection(ExtensibilityGlobals) = postSolution
		SolutionGuid = {EA554914-5C65-43F3-ADFB-C436CCD65309}
	EndGlobalSection
	GlobalSection(SharedMSBuildProjectFiles) = preSolution
		Src\AVMHomeAutomationShare\AVMHomeAutomationShare.projitems*{1760cf74-36a4-4757-8aa9-d6293891499e}*SharedItemsImports = 5
		Src\AVMHomeAutomationShare\AVMHomeAutomationShare.projitems*{24d7d656-f7db-4224-9a85-afe38ff6e4de}*SharedItemsImports = 13
		Src\AVMHomeAutomationShare\AVMHomeAutomationShare.projitems*{556f3062-2219-4105-a7a4-9e03c985037b}*SharedItemsImports = 5
		Src\AVMHomeAutomationShare\AVMHomeAutomationShare.projitems*{83f27f9f-8af7-46af-934b-bc5f65290028}*SharedItemsImports = 4
		Src\AVMHomeAutomationShare\AVMHomeAutomationShare.projitems*{ab16ac34-84e0-410b-bd72-9a338d8e8cef}*SharedItemsImports = 5
		Src\AVMHomeAutomationShare\AVMHomeAutomationShare.projitems*{bf30b41b-6500-4afe-a646-59fa108167aa}*SharedItemsImports = 4
		Src\AVMHomeAutomationShare\AVMHomeAutomationShare.projitems*{f3303c19-802e-4bf1-84d9-61ce4d93bd4b}*SharedItemsImports = 5
		Src\AVMHomeAutomationShare\AVMHomeAutomationShare.projitems*{f5df3beb-95c6-4764-8485-a24ec59e8282}*SharedItemsImports = 5
	EndGlobalSection
EndGlobal
