
Microsoft Visual Studio Solution File, Format Version 12.00
# Visual Studio Version 17
VisualStudioVersion = 17.4.33205.214
MinimumVisualStudioVersion = 10.0.40219.1
Project("{2150E333-8FDC-42A3-9474-1A3956D46DE8}") = "Src", "Src", "{E29B4D4A-76AE-454F-8CD8-90148AA01D52}"
EndProject
Project("{2150E333-8FDC-42A3-9474-1A3956D46DE8}") = "Demo", "Demo", "{4BAFC641-0FD7-498A-8B36-AF3E13EDA6AE}"
EndProject
Project("{2150E333-8FDC-42A3-9474-1A3956D46DE8}") = "Doc", "Doc", "{7B950365-049E-4729-8810-1B9826FEA9D0}"
EndProject
Project("{2150E333-8FDC-42A3-9474-1A3956D46DE8}") = "Test", "Test", "{6BBFABC6-1D46-4ECE-A9A0-D4F98E5EFD2E}"
EndProject
Project("{2150E333-8FDC-42A3-9474-1A3956D46DE8}") = "Report", "Report", "{F6B4B28F-9527-4AD6-831E-F05352B0782C}"
EndProject
Project("{D954291E-2A0B-460D-934E-DC6B0785DB48}") = "AVMHomeAutomationReportShare", "Report\AVMHomeAutomationReportShare\AVMHomeAutomationReportShare.shproj", "{66236FBB-69CF-46B7-9270-9945BA953EBF}"
EndProject
Project("{FAE04EC0-301F-11D3-BF4B-00C04F79EFBC}") = "AVMHomeAutomationReport90", "Report\AVMHomeAutomationReport90\AVMHomeAutomationReport90.csproj", "{34A164D6-221C-4B3F-A99F-BDD40649D1B6}"
EndProject
Project("{FAE04EC0-301F-11D3-BF4B-00C04F79EFBC}") = "AVMHomeAutomationReport80", "Report\AVMHomeAutomationReport80\AVMHomeAutomationReport80.csproj", "{81A777B2-6C9B-4A6D-BAAA-3DCB64C0E5B1}"
EndProject
Project("{FAE04EC0-301F-11D3-BF4B-00C04F79EFBC}") = "AVMHomeAutomationWebApi80", "Src\AVMHomeAutomationWebApi80\AVMHomeAutomationWebApi80.csproj", "{EA9D6278-1062-4FE3-8169-938D8D7D173A}"
EndProject
Project("{FAE04EC0-301F-11D3-BF4B-00C04F79EFBC}") = "AVMHomeAutomationWebApi90", "Src\AVMHomeAutomationWebApi90\AVMHomeAutomationWebApi90.csproj", "{9C03CF0F-3356-4B67-B14B-060DFBF78148}"
EndProject
Project("{D954291E-2A0B-460D-934E-DC6B0785DB48}") = "AVMHomeAutomationWebApiShare", "Src\AVMHomeAutomationWebApiShare\AVMHomeAutomationWebApiShare.shproj", "{24D7D656-F7DB-4224-9A85-AFE38FF6E4DE}"
EndProject
Project("{D954291E-2A0B-460D-934E-DC6B0785DB48}") = "AVMHomeAutomationWebApiUnitTestShare", "Test\AVMHomeAutomationWebApiUnitTestShare\AVMHomeAutomationWebApiUnitTestShare.shproj", "{0DA5BB85-1A8B-4433-8227-42BE591CFFF0}"
EndProject
Project("{FAE04EC0-301F-11D3-BF4B-00C04F79EFBC}") = "AVMHomeAutomationWebApiUnitTest80", "Test\AVMHomeAutomationWebApiUnitTest80\AVMHomeAutomationWebApiUnitTest80.csproj", "{1A72AF55-3802-431F-81D1-6BFC2307A4BC}"
EndProject
Project("{FAE04EC0-301F-11D3-BF4B-00C04F79EFBC}") = "AVMHomeAutomationWebApiUnitTest90", "Test\AVMHomeAutomationWebApiUnitTest90\AVMHomeAutomationWebApiUnitTest90.csproj", "{BCB266E8-9A2E-4CA5-9141-4D38930C3EBF}"
EndProject
Project("{FAE04EC0-301F-11D3-BF4B-00C04F79EFBC}") = "AVMHomeAutomationWebApiDemo80", "Demo\AVMHomeAutomationWebApiDemo80\AVMHomeAutomationWebApiDemo80.csproj", "{23687D50-1E01-4B46-8623-445EEDA6011A}"
EndProject
Project("{FAE04EC0-301F-11D3-BF4B-00C04F79EFBC}") = "AVMHomeAutomationWebApiDemo90", "Demo\AVMHomeAutomationWebApiDemo90\AVMHomeAutomationWebApiDemo90.csproj", "{404FDE09-2962-4A45-91B5-3F496F79C1ED}"
EndProject
Project("{D954291E-2A0B-460D-934E-DC6B0785DB48}") = "AVMHomeAutomationWebApiDemoShare", "Demo\AVMHomeAutomationWebApiDemoShare\AVMHomeAutomationWebApiDemoShare.shproj", "{47E96DC3-F859-4508-8978-E2EA4E78AF92}"
EndProject
Project("{D954291E-2A0B-460D-934E-DC6B0785DB48}") = "WebServiceClientShare", "..\WebServiceClient\Src\WebServiceClientShare\WebServiceClientShare.shproj", "{8CAACB04-9656-4B7C-A692-422FCA51474B}"
EndProject
Project("{7CF6DF6D-3B04-46F8-A40B-537D21BCA0B4}") = "AVMHomeAutomationWebApiDoc", "Doc\AVMHomeAutomationWebApiDoc\AVMHomeAutomationWebApiDoc.shfbproj", "{7A0F58B4-D1BD-4F0D-B62A-63BE67F9F5DC}"
EndProject
Global
	GlobalSection(SolutionConfigurationPlatforms) = preSolution
		Debug|Any CPU = Debug|Any CPU
		Debug|ARM = Debug|ARM
		Debug|ARM64 = Debug|ARM64
		Debug|x64 = Debug|x64
		Debug|x86 = Debug|x86
		Release|Any CPU = Release|Any CPU
		Release|ARM = Release|ARM
		Release|ARM64 = Release|ARM64
		Release|x64 = Release|x64
		Release|x86 = Release|x86
	EndGlobalSection
	GlobalSection(ProjectConfigurationPlatforms) = postSolution
		{34A164D6-221C-4B3F-A99F-BDD40649D1B6}.Debug|Any CPU.ActiveCfg = Debug|Any CPU
		{34A164D6-221C-4B3F-A99F-BDD40649D1B6}.Debug|Any CPU.Build.0 = Debug|Any CPU
		{34A164D6-221C-4B3F-A99F-BDD40649D1B6}.Debug|ARM.ActiveCfg = Debug|Any CPU
		{34A164D6-221C-4B3F-A99F-BDD40649D1B6}.Debug|ARM.Build.0 = Debug|Any CPU
		{34A164D6-221C-4B3F-A99F-BDD40649D1B6}.Debug|ARM64.ActiveCfg = Debug|Any CPU
		{34A164D6-221C-4B3F-A99F-BDD40649D1B6}.Debug|ARM64.Build.0 = Debug|Any CPU
		{34A164D6-221C-4B3F-A99F-BDD40649D1B6}.Debug|x64.ActiveCfg = Debug|Any CPU
		{34A164D6-221C-4B3F-A99F-BDD40649D1B6}.Debug|x64.Build.0 = Debug|Any CPU
		{34A164D6-221C-4B3F-A99F-BDD40649D1B6}.Debug|x86.ActiveCfg = Debug|Any CPU
		{34A164D6-221C-4B3F-A99F-BDD40649D1B6}.Debug|x86.Build.0 = Debug|Any CPU
		{34A164D6-221C-4B3F-A99F-BDD40649D1B6}.Release|Any CPU.ActiveCfg = Release|Any CPU
		{34A164D6-221C-4B3F-A99F-BDD40649D1B6}.Release|Any CPU.Build.0 = Release|Any CPU
		{34A164D6-221C-4B3F-A99F-BDD40649D1B6}.Release|ARM.ActiveCfg = Release|Any CPU
		{34A164D6-221C-4B3F-A99F-BDD40649D1B6}.Release|ARM.Build.0 = Release|Any CPU
		{34A164D6-221C-4B3F-A99F-BDD40649D1B6}.Release|ARM64.ActiveCfg = Release|Any CPU
		{34A164D6-221C-4B3F-A99F-BDD40649D1B6}.Release|ARM64.Build.0 = Release|Any CPU
		{34A164D6-221C-4B3F-A99F-BDD40649D1B6}.Release|x64.ActiveCfg = Release|Any CPU
		{34A164D6-221C-4B3F-A99F-BDD40649D1B6}.Release|x64.Build.0 = Release|Any CPU
		{34A164D6-221C-4B3F-A99F-BDD40649D1B6}.Release|x86.ActiveCfg = Release|Any CPU
		{34A164D6-221C-4B3F-A99F-BDD40649D1B6}.Release|x86.Build.0 = Release|Any CPU
		{81A777B2-6C9B-4A6D-BAAA-3DCB64C0E5B1}.Debug|Any CPU.ActiveCfg = Debug|Any CPU
		{81A777B2-6C9B-4A6D-BAAA-3DCB64C0E5B1}.Debug|Any CPU.Build.0 = Debug|Any CPU
		{81A777B2-6C9B-4A6D-BAAA-3DCB64C0E5B1}.Debug|ARM.ActiveCfg = Debug|Any CPU
		{81A777B2-6C9B-4A6D-BAAA-3DCB64C0E5B1}.Debug|ARM.Build.0 = Debug|Any CPU
		{81A777B2-6C9B-4A6D-BAAA-3DCB64C0E5B1}.Debug|ARM64.ActiveCfg = Debug|Any CPU
		{81A777B2-6C9B-4A6D-BAAA-3DCB64C0E5B1}.Debug|ARM64.Build.0 = Debug|Any CPU
		{81A777B2-6C9B-4A6D-BAAA-3DCB64C0E5B1}.Debug|x64.ActiveCfg = Debug|Any CPU
		{81A777B2-6C9B-4A6D-BAAA-3DCB64C0E5B1}.Debug|x64.Build.0 = Debug|Any CPU
		{81A777B2-6C9B-4A6D-BAAA-3DCB64C0E5B1}.Debug|x86.ActiveCfg = Debug|Any CPU
		{81A777B2-6C9B-4A6D-BAAA-3DCB64C0E5B1}.Debug|x86.Build.0 = Debug|Any CPU
		{81A777B2-6C9B-4A6D-BAAA-3DCB64C0E5B1}.Release|Any CPU.ActiveCfg = Release|Any CPU
		{81A777B2-6C9B-4A6D-BAAA-3DCB64C0E5B1}.Release|Any CPU.Build.0 = Release|Any CPU
		{81A777B2-6C9B-4A6D-BAAA-3DCB64C0E5B1}.Release|ARM.ActiveCfg = Release|Any CPU
		{81A777B2-6C9B-4A6D-BAAA-3DCB64C0E5B1}.Release|ARM.Build.0 = Release|Any CPU
		{81A777B2-6C9B-4A6D-BAAA-3DCB64C0E5B1}.Release|ARM64.ActiveCfg = Release|Any CPU
		{81A777B2-6C9B-4A6D-BAAA-3DCB64C0E5B1}.Release|ARM64.Build.0 = Release|Any CPU
		{81A777B2-6C9B-4A6D-BAAA-3DCB64C0E5B1}.Release|x64.ActiveCfg = Release|Any CPU
		{81A777B2-6C9B-4A6D-BAAA-3DCB64C0E5B1}.Release|x64.Build.0 = Release|Any CPU
		{81A777B2-6C9B-4A6D-BAAA-3DCB64C0E5B1}.Release|x86.ActiveCfg = Release|Any CPU
		{81A777B2-6C9B-4A6D-BAAA-3DCB64C0E5B1}.Release|x86.Build.0 = Release|Any CPU
		{EA9D6278-1062-4FE3-8169-938D8D7D173A}.Debug|Any CPU.ActiveCfg = Debug|Any CPU
		{EA9D6278-1062-4FE3-8169-938D8D7D173A}.Debug|Any CPU.Build.0 = Debug|Any CPU
		{EA9D6278-1062-4FE3-8169-938D8D7D173A}.Debug|ARM.ActiveCfg = Debug|Any CPU
		{EA9D6278-1062-4FE3-8169-938D8D7D173A}.Debug|ARM.Build.0 = Debug|Any CPU
		{EA9D6278-1062-4FE3-8169-938D8D7D173A}.Debug|ARM64.ActiveCfg = Debug|Any CPU
		{EA9D6278-1062-4FE3-8169-938D8D7D173A}.Debug|ARM64.Build.0 = Debug|Any CPU
		{EA9D6278-1062-4FE3-8169-938D8D7D173A}.Debug|x64.ActiveCfg = Debug|Any CPU
		{EA9D6278-1062-4FE3-8169-938D8D7D173A}.Debug|x64.Build.0 = Debug|Any CPU
		{EA9D6278-1062-4FE3-8169-938D8D7D173A}.Debug|x86.ActiveCfg = Debug|Any CPU
		{EA9D6278-1062-4FE3-8169-938D8D7D173A}.Debug|x86.Build.0 = Debug|Any CPU
		{EA9D6278-1062-4FE3-8169-938D8D7D173A}.Release|Any CPU.ActiveCfg = Release|Any CPU
		{EA9D6278-1062-4FE3-8169-938D8D7D173A}.Release|Any CPU.Build.0 = Release|Any CPU
		{EA9D6278-1062-4FE3-8169-938D8D7D173A}.Release|ARM.ActiveCfg = Release|Any CPU
		{EA9D6278-1062-4FE3-8169-938D8D7D173A}.Release|ARM.Build.0 = Release|Any CPU
		{EA9D6278-1062-4FE3-8169-938D8D7D173A}.Release|ARM64.ActiveCfg = Release|Any CPU
		{EA9D6278-1062-4FE3-8169-938D8D7D173A}.Release|ARM64.Build.0 = Release|Any CPU
		{EA9D6278-1062-4FE3-8169-938D8D7D173A}.Release|x64.ActiveCfg = Release|Any CPU
		{EA9D6278-1062-4FE3-8169-938D8D7D173A}.Release|x64.Build.0 = Release|Any CPU
		{EA9D6278-1062-4FE3-8169-938D8D7D173A}.Release|x86.ActiveCfg = Release|Any CPU
		{EA9D6278-1062-4FE3-8169-938D8D7D173A}.Release|x86.Build.0 = Release|Any CPU
		{9C03CF0F-3356-4B67-B14B-060DFBF78148}.Debug|Any CPU.ActiveCfg = Debug|Any CPU
		{9C03CF0F-3356-4B67-B14B-060DFBF78148}.Debug|Any CPU.Build.0 = Debug|Any CPU
		{9C03CF0F-3356-4B67-B14B-060DFBF78148}.Debug|ARM.ActiveCfg = Debug|Any CPU
		{9C03CF0F-3356-4B67-B14B-060DFBF78148}.Debug|ARM.Build.0 = Debug|Any CPU
		{9C03CF0F-3356-4B67-B14B-060DFBF78148}.Debug|ARM64.ActiveCfg = Debug|Any CPU
		{9C03CF0F-3356-4B67-B14B-060DFBF78148}.Debug|ARM64.Build.0 = Debug|Any CPU
		{9C03CF0F-3356-4B67-B14B-060DFBF78148}.Debug|x64.ActiveCfg = Debug|Any CPU
		{9C03CF0F-3356-4B67-B14B-060DFBF78148}.Debug|x64.Build.0 = Debug|Any CPU
		{9C03CF0F-3356-4B67-B14B-060DFBF78148}.Debug|x86.ActiveCfg = Debug|Any CPU
		{9C03CF0F-3356-4B67-B14B-060DFBF78148}.Debug|x86.Build.0 = Debug|Any CPU
		{9C03CF0F-3356-4B67-B14B-060DFBF78148}.Release|Any CPU.ActiveCfg = Release|Any CPU
		{9C03CF0F-3356-4B67-B14B-060DFBF78148}.Release|Any CPU.Build.0 = Release|Any CPU
		{9C03CF0F-3356-4B67-B14B-060DFBF78148}.Release|ARM.ActiveCfg = Release|Any CPU
		{9C03CF0F-3356-4B67-B14B-060DFBF78148}.Release|ARM.Build.0 = Release|Any CPU
		{9C03CF0F-3356-4B67-B14B-060DFBF78148}.Release|ARM64.ActiveCfg = Release|Any CPU
		{9C03CF0F-3356-4B67-B14B-060DFBF78148}.Release|ARM64.Build.0 = Release|Any CPU
		{9C03CF0F-3356-4B67-B14B-060DFBF78148}.Release|x64.ActiveCfg = Release|Any CPU
		{9C03CF0F-3356-4B67-B14B-060DFBF78148}.Release|x64.Build.0 = Release|Any CPU
		{9C03CF0F-3356-4B67-B14B-060DFBF78148}.Release|x86.ActiveCfg = Release|Any CPU
		{9C03CF0F-3356-4B67-B14B-060DFBF78148}.Release|x86.Build.0 = Release|Any CPU
		{1A72AF55-3802-431F-81D1-6BFC2307A4BC}.Debug|Any CPU.ActiveCfg = Debug|Any CPU
		{1A72AF55-3802-431F-81D1-6BFC2307A4BC}.Debug|Any CPU.Build.0 = Debug|Any CPU
		{1A72AF55-3802-431F-81D1-6BFC2307A4BC}.Debug|ARM.ActiveCfg = Debug|Any CPU
		{1A72AF55-3802-431F-81D1-6BFC2307A4BC}.Debug|ARM.Build.0 = Debug|Any CPU
		{1A72AF55-3802-431F-81D1-6BFC2307A4BC}.Debug|ARM64.ActiveCfg = Debug|Any CPU
		{1A72AF55-3802-431F-81D1-6BFC2307A4BC}.Debug|ARM64.Build.0 = Debug|Any CPU
		{1A72AF55-3802-431F-81D1-6BFC2307A4BC}.Debug|x64.ActiveCfg = Debug|Any CPU
		{1A72AF55-3802-431F-81D1-6BFC2307A4BC}.Debug|x64.Build.0 = Debug|Any CPU
		{1A72AF55-3802-431F-81D1-6BFC2307A4BC}.Debug|x86.ActiveCfg = Debug|Any CPU
		{1A72AF55-3802-431F-81D1-6BFC2307A4BC}.Debug|x86.Build.0 = Debug|Any CPU
		{1A72AF55-3802-431F-81D1-6BFC2307A4BC}.Release|Any CPU.ActiveCfg = Release|Any CPU
		{1A72AF55-3802-431F-81D1-6BFC2307A4BC}.Release|Any CPU.Build.0 = Release|Any CPU
		{1A72AF55-3802-431F-81D1-6BFC2307A4BC}.Release|ARM.ActiveCfg = Release|Any CPU
		{1A72AF55-3802-431F-81D1-6BFC2307A4BC}.Release|ARM.Build.0 = Release|Any CPU
		{1A72AF55-3802-431F-81D1-6BFC2307A4BC}.Release|ARM64.ActiveCfg = Release|Any CPU
		{1A72AF55-3802-431F-81D1-6BFC2307A4BC}.Release|ARM64.Build.0 = Release|Any CPU
		{1A72AF55-3802-431F-81D1-6BFC2307A4BC}.Release|x64.ActiveCfg = Release|Any CPU
		{1A72AF55-3802-431F-81D1-6BFC2307A4BC}.Release|x64.Build.0 = Release|Any CPU
		{1A72AF55-3802-431F-81D1-6BFC2307A4BC}.Release|x86.ActiveCfg = Release|Any CPU
		{1A72AF55-3802-431F-81D1-6BFC2307A4BC}.Release|x86.Build.0 = Release|Any CPU
		{BCB266E8-9A2E-4CA5-9141-4D38930C3EBF}.Debug|Any CPU.ActiveCfg = Debug|Any CPU
		{BCB266E8-9A2E-4CA5-9141-4D38930C3EBF}.Debug|Any CPU.Build.0 = Debug|Any CPU
		{BCB266E8-9A2E-4CA5-9141-4D38930C3EBF}.Debug|ARM.ActiveCfg = Debug|Any CPU
		{BCB266E8-9A2E-4CA5-9141-4D38930C3EBF}.Debug|ARM.Build.0 = Debug|Any CPU
		{BCB266E8-9A2E-4CA5-9141-4D38930C3EBF}.Debug|ARM64.ActiveCfg = Debug|Any CPU
		{BCB266E8-9A2E-4CA5-9141-4D38930C3EBF}.Debug|ARM64.Build.0 = Debug|Any CPU
		{BCB266E8-9A2E-4CA5-9141-4D38930C3EBF}.Debug|x64.ActiveCfg = Debug|Any CPU
		{BCB266E8-9A2E-4CA5-9141-4D38930C3EBF}.Debug|x64.Build.0 = Debug|Any CPU
		{BCB266E8-9A2E-4CA5-9141-4D38930C3EBF}.Debug|x86.ActiveCfg = Debug|Any CPU
		{BCB266E8-9A2E-4CA5-9141-4D38930C3EBF}.Debug|x86.Build.0 = Debug|Any CPU
		{BCB266E8-9A2E-4CA5-9141-4D38930C3EBF}.Release|Any CPU.ActiveCfg = Release|Any CPU
		{BCB266E8-9A2E-4CA5-9141-4D38930C3EBF}.Release|Any CPU.Build.0 = Release|Any CPU
		{BCB266E8-9A2E-4CA5-9141-4D38930C3EBF}.Release|ARM.ActiveCfg = Release|Any CPU
		{BCB266E8-9A2E-4CA5-9141-4D38930C3EBF}.Release|ARM.Build.0 = Release|Any CPU
		{BCB266E8-9A2E-4CA5-9141-4D38930C3EBF}.Release|ARM64.ActiveCfg = Release|Any CPU
		{BCB266E8-9A2E-4CA5-9141-4D38930C3EBF}.Release|ARM64.Build.0 = Release|Any CPU
		{BCB266E8-9A2E-4CA5-9141-4D38930C3EBF}.Release|x64.ActiveCfg = Release|Any CPU
		{BCB266E8-9A2E-4CA5-9141-4D38930C3EBF}.Release|x64.Build.0 = Release|Any CPU
		{BCB266E8-9A2E-4CA5-9141-4D38930C3EBF}.Release|x86.ActiveCfg = Release|Any CPU
		{BCB266E8-9A2E-4CA5-9141-4D38930C3EBF}.Release|x86.Build.0 = Release|Any CPU
		{23687D50-1E01-4B46-8623-445EEDA6011A}.Debug|Any CPU.ActiveCfg = Debug|Any CPU
		{23687D50-1E01-4B46-8623-445EEDA6011A}.Debug|Any CPU.Build.0 = Debug|Any CPU
		{23687D50-1E01-4B46-8623-445EEDA6011A}.Debug|ARM.ActiveCfg = Debug|Any CPU
		{23687D50-1E01-4B46-8623-445EEDA6011A}.Debug|ARM.Build.0 = Debug|Any CPU
		{23687D50-1E01-4B46-8623-445EEDA6011A}.Debug|ARM64.ActiveCfg = Debug|Any CPU
		{23687D50-1E01-4B46-8623-445EEDA6011A}.Debug|ARM64.Build.0 = Debug|Any CPU
		{23687D50-1E01-4B46-8623-445EEDA6011A}.Debug|x64.ActiveCfg = Debug|Any CPU
		{23687D50-1E01-4B46-8623-445EEDA6011A}.Debug|x64.Build.0 = Debug|Any CPU
		{23687D50-1E01-4B46-8623-445EEDA6011A}.Debug|x86.ActiveCfg = Debug|Any CPU
		{23687D50-1E01-4B46-8623-445EEDA6011A}.Debug|x86.Build.0 = Debug|Any CPU
		{23687D50-1E01-4B46-8623-445EEDA6011A}.Release|Any CPU.ActiveCfg = Release|Any CPU
		{23687D50-1E01-4B46-8623-445EEDA6011A}.Release|Any CPU.Build.0 = Release|Any CPU
		{23687D50-1E01-4B46-8623-445EEDA6011A}.Release|ARM.ActiveCfg = Release|Any CPU
		{23687D50-1E01-4B46-8623-445EEDA6011A}.Release|ARM.Build.0 = Release|Any CPU
		{23687D50-1E01-4B46-8623-445EEDA6011A}.Release|ARM64.ActiveCfg = Release|Any CPU
		{23687D50-1E01-4B46-8623-445EEDA6011A}.Release|ARM64.Build.0 = Release|Any CPU
		{23687D50-1E01-4B46-8623-445EEDA6011A}.Release|x64.ActiveCfg = Release|Any CPU
		{23687D50-1E01-4B46-8623-445EEDA6011A}.Release|x64.Build.0 = Release|Any CPU
		{23687D50-1E01-4B46-8623-445EEDA6011A}.Release|x86.ActiveCfg = Release|Any CPU
		{23687D50-1E01-4B46-8623-445EEDA6011A}.Release|x86.Build.0 = Release|Any CPU
		{404FDE09-2962-4A45-91B5-3F496F79C1ED}.Debug|Any CPU.ActiveCfg = Debug|Any CPU
		{404FDE09-2962-4A45-91B5-3F496F79C1ED}.Debug|Any CPU.Build.0 = Debug|Any CPU
		{404FDE09-2962-4A45-91B5-3F496F79C1ED}.Debug|ARM.ActiveCfg = Debug|Any CPU
		{404FDE09-2962-4A45-91B5-3F496F79C1ED}.Debug|ARM.Build.0 = Debug|Any CPU
		{404FDE09-2962-4A45-91B5-3F496F79C1ED}.Debug|ARM64.ActiveCfg = Debug|Any CPU
		{404FDE09-2962-4A45-91B5-3F496F79C1ED}.Debug|ARM64.Build.0 = Debug|Any CPU
		{404FDE09-2962-4A45-91B5-3F496F79C1ED}.Debug|x64.ActiveCfg = Debug|Any CPU
		{404FDE09-2962-4A45-91B5-3F496F79C1ED}.Debug|x64.Build.0 = Debug|Any CPU
		{404FDE09-2962-4A45-91B5-3F496F79C1ED}.Debug|x86.ActiveCfg = Debug|Any CPU
		{404FDE09-2962-4A45-91B5-3F496F79C1ED}.Debug|x86.Build.0 = Debug|Any CPU
		{404FDE09-2962-4A45-91B5-3F496F79C1ED}.Release|Any CPU.ActiveCfg = Release|Any CPU
		{404FDE09-2962-4A45-91B5-3F496F79C1ED}.Release|Any CPU.Build.0 = Release|Any CPU
		{404FDE09-2962-4A45-91B5-3F496F79C1ED}.Release|ARM.ActiveCfg = Release|Any CPU
		{404FDE09-2962-4A45-91B5-3F496F79C1ED}.Release|ARM.Build.0 = Release|Any CPU
		{404FDE09-2962-4A45-91B5-3F496F79C1ED}.Release|ARM64.ActiveCfg = Release|Any CPU
		{404FDE09-2962-4A45-91B5-3F496F79C1ED}.Release|ARM64.Build.0 = Release|Any CPU
		{404FDE09-2962-4A45-91B5-3F496F79C1ED}.Release|x64.ActiveCfg = Release|Any CPU
		{404FDE09-2962-4A45-91B5-3F496F79C1ED}.Release|x64.Build.0 = Release|Any CPU
		{404FDE09-2962-4A45-91B5-3F496F79C1ED}.Release|x86.ActiveCfg = Release|Any CPU
		{404FDE09-2962-4A45-91B5-3F496F79C1ED}.Release|x86.Build.0 = Release|Any CPU
		{7A0F58B4-D1BD-4F0D-B62A-63BE67F9F5DC}.Debug|Any CPU.ActiveCfg = Debug|Any CPU
		{7A0F58B4-D1BD-4F0D-B62A-63BE67F9F5DC}.Debug|ARM.ActiveCfg = Debug|Any CPU
		{7A0F58B4-D1BD-4F0D-B62A-63BE67F9F5DC}.Debug|ARM.Build.0 = Debug|Any CPU
		{7A0F58B4-D1BD-4F0D-B62A-63BE67F9F5DC}.Debug|ARM64.ActiveCfg = Debug|Any CPU
		{7A0F58B4-D1BD-4F0D-B62A-63BE67F9F5DC}.Debug|ARM64.Build.0 = Debug|Any CPU
		{7A0F58B4-D1BD-4F0D-B62A-63BE67F9F5DC}.Debug|x64.ActiveCfg = Debug|Any CPU
		{7A0F58B4-D1BD-4F0D-B62A-63BE67F9F5DC}.Debug|x64.Build.0 = Debug|Any CPU
		{7A0F58B4-D1BD-4F0D-B62A-63BE67F9F5DC}.Debug|x86.ActiveCfg = Debug|Any CPU
		{7A0F58B4-D1BD-4F0D-B62A-63BE67F9F5DC}.Debug|x86.Build.0 = Debug|Any CPU
		{7A0F58B4-D1BD-4F0D-B62A-63BE67F9F5DC}.Release|Any CPU.ActiveCfg = Release|Any CPU
		{7A0F58B4-D1BD-4F0D-B62A-63BE67F9F5DC}.Release|Any CPU.Build.0 = Release|Any CPU
		{7A0F58B4-D1BD-4F0D-B62A-63BE67F9F5DC}.Release|ARM.ActiveCfg = Release|Any CPU
		{7A0F58B4-D1BD-4F0D-B62A-63BE67F9F5DC}.Release|ARM.Build.0 = Release|Any CPU
		{7A0F58B4-D1BD-4F0D-B62A-63BE67F9F5DC}.Release|ARM64.ActiveCfg = Release|Any CPU
		{7A0F58B4-D1BD-4F0D-B62A-63BE67F9F5DC}.Release|ARM64.Build.0 = Release|Any CPU
		{7A0F58B4-D1BD-4F0D-B62A-63BE67F9F5DC}.Release|x64.ActiveCfg = Release|Any CPU
		{7A0F58B4-D1BD-4F0D-B62A-63BE67F9F5DC}.Release|x64.Build.0 = Release|Any CPU
		{7A0F58B4-D1BD-4F0D-B62A-63BE67F9F5DC}.Release|x86.ActiveCfg = Release|Any CPU
		{7A0F58B4-D1BD-4F0D-B62A-63BE67F9F5DC}.Release|x86.Build.0 = Release|Any CPU
	EndGlobalSection
	GlobalSection(SolutionProperties) = preSolution
		HideSolutionNode = FALSE
	EndGlobalSection
	GlobalSection(NestedProjects) = preSolution
		{66236FBB-69CF-46B7-9270-9945BA953EBF} = {F6B4B28F-9527-4AD6-831E-F05352B0782C}
		{34A164D6-221C-4B3F-A99F-BDD40649D1B6} = {F6B4B28F-9527-4AD6-831E-F05352B0782C}
		{81A777B2-6C9B-4A6D-BAAA-3DCB64C0E5B1} = {F6B4B28F-9527-4AD6-831E-F05352B0782C}
		{EA9D6278-1062-4FE3-8169-938D8D7D173A} = {E29B4D4A-76AE-454F-8CD8-90148AA01D52}
		{9C03CF0F-3356-4B67-B14B-060DFBF78148} = {E29B4D4A-76AE-454F-8CD8-90148AA01D52}
		{24D7D656-F7DB-4224-9A85-AFE38FF6E4DE} = {E29B4D4A-76AE-454F-8CD8-90148AA01D52}
		{0DA5BB85-1A8B-4433-8227-42BE591CFFF0} = {6BBFABC6-1D46-4ECE-A9A0-D4F98E5EFD2E}
		{1A72AF55-3802-431F-81D1-6BFC2307A4BC} = {6BBFABC6-1D46-4ECE-A9A0-D4F98E5EFD2E}
		{BCB266E8-9A2E-4CA5-9141-4D38930C3EBF} = {6BBFABC6-1D46-4ECE-A9A0-D4F98E5EFD2E}
		{23687D50-1E01-4B46-8623-445EEDA6011A} = {4BAFC641-0FD7-498A-8B36-AF3E13EDA6AE}
		{404FDE09-2962-4A45-91B5-3F496F79C1ED} = {4BAFC641-0FD7-498A-8B36-AF3E13EDA6AE}
		{47E96DC3-F859-4508-8978-E2EA4E78AF92} = {4BAFC641-0FD7-498A-8B36-AF3E13EDA6AE}
		{8CAACB04-9656-4B7C-A692-422FCA51474B} = {E29B4D4A-76AE-454F-8CD8-90148AA01D52}
		{7A0F58B4-D1BD-4F0D-B62A-63BE67F9F5DC} = {7B950365-049E-4729-8810-1B9826FEA9D0}
	EndGlobalSection
	GlobalSection(ExtensibilityGlobals) = postSolution
		SolutionGuid = {EA554914-5C65-43F3-ADFB-C436CCD65309}
	EndGlobalSection
	GlobalSection(SharedMSBuildProjectFiles) = preSolution
		Test\AVMHomeAutomationWebApiUnitTestShare\AVMHomeAutomationWebApiUnitTestShare.projitems*{0da5bb85-1a8b-4433-8227-42be591cfff0}*SharedItemsImports = 13
		Test\AVMHomeAutomationWebApiUnitTestShare\AVMHomeAutomationWebApiUnitTestShare.projitems*{1a72af55-3802-431f-81d1-6bfc2307a4bc}*SharedItemsImports = 5
		Demo\AVMHomeAutomationWebApiDemoShare\AVMHomeAutomationWebApiDemoShare.projitems*{23687d50-1e01-4b46-8623-445eeda6011a}*SharedItemsImports = 5
		Src\AVMHomeAutomationWebApiShare\AVMHomeAutomationWebApiShare.projitems*{24d7d656-f7db-4224-9a85-afe38ff6e4de}*SharedItemsImports = 13
		Report\AVMHomeAutomationReportShare\AVMHomeAutomationReportShare.projitems*{34a164d6-221c-4b3f-a99f-bdd40649d1b6}*SharedItemsImports = 5
		Demo\AVMHomeAutomationWebApiDemoShare\AVMHomeAutomationWebApiDemoShare.projitems*{404fde09-2962-4a45-91b5-3f496f79c1ed}*SharedItemsImports = 5
		Demo\AVMHomeAutomationWebApiDemoShare\AVMHomeAutomationWebApiDemoShare.projitems*{47e96dc3-f859-4508-8978-e2ea4e78af92}*SharedItemsImports = 13
		Report\AVMHomeAutomationReportShare\AVMHomeAutomationReportShare.projitems*{66236fbb-69cf-46b7-9270-9945ba953ebf}*SharedItemsImports = 13
		Report\AVMHomeAutomationReportShare\AVMHomeAutomationReportShare.projitems*{81a777b2-6c9b-4a6d-baaa-3dcb64c0e5b1}*SharedItemsImports = 5
		..\WebServiceClient\Src\WebServiceClientShare\WebServiceClientShare.projitems*{8caacb04-9656-4b7c-a692-422fca51474b}*SharedItemsImports = 13
		Src\AVMHomeAutomationWebApiShare\AVMHomeAutomationWebApiShare.projitems*{9c03cf0f-3356-4b67-b14b-060dfbf78148}*SharedItemsImports = 5
		..\WebServiceClient\Src\WebServiceClientShare\WebServiceClientShare.projitems*{9c03cf0f-3356-4b67-b14b-060dfbf78148}*SharedItemsImports = 5
		Test\AVMHomeAutomationWebApiUnitTestShare\AVMHomeAutomationWebApiUnitTestShare.projitems*{bcb266e8-9a2e-4ca5-9141-4d38930c3ebf}*SharedItemsImports = 5
		Src\AVMHomeAutomationWebApiShare\AVMHomeAutomationWebApiShare.projitems*{ea9d6278-1062-4fe3-8169-938d8d7d173a}*SharedItemsImports = 5
		..\WebServiceClient\Src\WebServiceClientShare\WebServiceClientShare.projitems*{ea9d6278-1062-4fe3-8169-938d8d7d173a}*SharedItemsImports = 5
	EndGlobalSection
EndGlobal
