
Microsoft Visual Studio Solution File, Format Version 12.00
# Visual Studio Version 17
VisualStudioVersion = 17.4.33205.214
MinimumVisualStudioVersion = 10.0.40219.1
Project("{2150E333-8FDC-42A3-9474-1A3956D46DE8}") = "Src", "Src", "{E29B4D4A-76AE-454F-8CD8-90148AA01D52}"
EndProject
Project("{9A19103F-16F7-4668-BE54-9A1E7A4F7556}") = "AVMHomeAutomationCore20", "Src\AVMHomeAutomationCore20\AVMHomeAutomationCore20.csproj", "{86EA7632-DBF9-406D-9FD3-AE118733D3C8}"
EndProject
Project("{FAE04EC0-301F-11D3-BF4B-00C04F79EFBC}") = "AVMHomeAutomationFramework45", "Src\AVMHomeAutomationFramework45\AVMHomeAutomationFramework45.csproj", "{D03422F2-D4FA-4720-BB70-4B035A753E50}"
EndProject
Project("{D954291E-2A0B-460D-934E-DC6B0785DB48}") = "AVMHomeAutomationShare", "Src\AVMHomeAutomationShare\AVMHomeAutomationShare.shproj", "{24D7D656-F7DB-4224-9A85-AFE38FF6E4DE}"
EndProject
Project("{9A19103F-16F7-4668-BE54-9A1E7A4F7556}") = "AVMHomeAutomationStandard20", "Src\AVMHomeAutomationStandard20\AVMHomeAutomationStandard20.csproj", "{1760CF74-36A4-4757-8AA9-D6293891499E}"
EndProject
Project("{FAE04EC0-301F-11D3-BF4B-00C04F79EFBC}") = "AVMHomeAutomationUwp", "Src\AVMHomeAutomationUwp\AVMHomeAutomationUwp.csproj", "{6F59B257-CFE6-4AB3-A35D-0675C6936E4A}"
EndProject
Project("{2150E333-8FDC-42A3-9474-1A3956D46DE8}") = "Demo", "Demo", "{4BAFC641-0FD7-498A-8B36-AF3E13EDA6AE}"
EndProject
Project("{2150E333-8FDC-42A3-9474-1A3956D46DE8}") = "Doc", "Doc", "{7B950365-049E-4729-8810-1B9826FEA9D0}"
EndProject
Project("{2150E333-8FDC-42A3-9474-1A3956D46DE8}") = "Test", "Test", "{6BBFABC6-1D46-4ECE-A9A0-D4F98E5EFD2E}"
EndProject
Project("{FAE04EC0-301F-11D3-BF4B-00C04F79EFBC}") = "AVMHomeAutomationDemoFramework48", "Demo\AVMHomeAutomationDemoFramework48\AVMHomeAutomationDemoFramework48.csproj", "{2F168EDB-3DF7-4039-854C-DDC792697AE9}"
EndProject
Project("{7CF6DF6D-3B04-46F8-A40B-537D21BCA0B4}") = "AVMHomeAutomationDoc", "Doc\AVMHomeAutomationDoc\AVMHomeAutomationDoc.shfbproj", "{EB1FD669-F456-4963-890E-DC6093FBCEC7}"
EndProject
Project("{FAE04EC0-301F-11D3-BF4B-00C04F79EFBC}") = "AVMHomeAutomation70", "Src\AVMHomeAutomation70\AVMHomeAutomation70.csproj", "{F5DF3BEB-95C6-4764-8485-A24EC59E8282}"
EndProject
Project("{FAE04EC0-301F-11D3-BF4B-00C04F79EFBC}") = "AVMHomeAutomation60", "Src\AVMHomeAutomation60\AVMHomeAutomation60.csproj", "{556F3062-2219-4105-A7A4-9E03C985037B}"
EndProject
Project("{FAE04EC0-301F-11D3-BF4B-00C04F79EFBC}") = "AVMHomeAutomation50", "Src\AVMHomeAutomation50\AVMHomeAutomation50.csproj", "{AB16AC34-84E0-410B-BD72-9A338D8E8CEF}"
EndProject
Project("{FAE04EC0-301F-11D3-BF4B-00C04F79EFBC}") = "AVMHomeAutomationFramework48", "Src\AVMHomeAutomationFramework48\AVMHomeAutomationFramework48.csproj", "{EBDFC47C-F18A-4368-B40F-94F92AE67848}"
EndProject
Project("{FAE04EC0-301F-11D3-BF4B-00C04F79EFBC}") = "AVMHomeAutomationTestFramework48", "Test\AVMHomeAutomationTestFramework48\AVMHomeAutomationTestFramework48.csproj", "{4E432B01-294C-45DD-8E9E-696B3B13ABAD}"
EndProject
Project("{FAE04EC0-301F-11D3-BF4B-00C04F79EFBC}") = "UnitTestProject1", "Test\UnitTestProject1\UnitTestProject1.csproj", "{D61540EA-0722-4DDE-B37E-62701EC05684}"
EndProject
Project("{FAE04EC0-301F-11D3-BF4B-00C04F79EFBC}") = "AVMHomeAutomationUnitTestFramework48", "Test\AVMHomeAutomationUnitTestFramework48\AVMHomeAutomationUnitTestFramework48.csproj", "{C80E0E36-2714-48FC-8D99-B03DC6C96164}"
EndProject
Global
	GlobalSection(SolutionConfigurationPlatforms) = preSolution
		Debug|Any CPU = Debug|Any CPU
		Debug|ARM = Debug|ARM
		Debug|ARM64 = Debug|ARM64
		Debug|x64 = Debug|x64
		Debug|x86 = Debug|x86
		Release|Any CPU = Release|Any CPU
		Release|ARM = Release|ARM
		Release|ARM64 = Release|ARM64
		Release|x64 = Release|x64
		Release|x86 = Release|x86
	EndGlobalSection
	GlobalSection(ProjectConfigurationPlatforms) = postSolution
		{86EA7632-DBF9-406D-9FD3-AE118733D3C8}.Debug|Any CPU.ActiveCfg = Debug|Any CPU
		{86EA7632-DBF9-406D-9FD3-AE118733D3C8}.Debug|Any CPU.Build.0 = Debug|Any CPU
		{86EA7632-DBF9-406D-9FD3-AE118733D3C8}.Debug|ARM.ActiveCfg = Debug|Any CPU
		{86EA7632-DBF9-406D-9FD3-AE118733D3C8}.Debug|ARM.Build.0 = Debug|Any CPU
		{86EA7632-DBF9-406D-9FD3-AE118733D3C8}.Debug|ARM64.ActiveCfg = Debug|Any CPU
		{86EA7632-DBF9-406D-9FD3-AE118733D3C8}.Debug|ARM64.Build.0 = Debug|Any CPU
		{86EA7632-DBF9-406D-9FD3-AE118733D3C8}.Debug|x64.ActiveCfg = Debug|Any CPU
		{86EA7632-DBF9-406D-9FD3-AE118733D3C8}.Debug|x64.Build.0 = Debug|Any CPU
		{86EA7632-DBF9-406D-9FD3-AE118733D3C8}.Debug|x86.ActiveCfg = Debug|Any CPU
		{86EA7632-DBF9-406D-9FD3-AE118733D3C8}.Debug|x86.Build.0 = Debug|Any CPU
		{86EA7632-DBF9-406D-9FD3-AE118733D3C8}.Release|Any CPU.ActiveCfg = Release|Any CPU
		{86EA7632-DBF9-406D-9FD3-AE118733D3C8}.Release|Any CPU.Build.0 = Release|Any CPU
		{86EA7632-DBF9-406D-9FD3-AE118733D3C8}.Release|ARM.ActiveCfg = Release|Any CPU
		{86EA7632-DBF9-406D-9FD3-AE118733D3C8}.Release|ARM.Build.0 = Release|Any CPU
		{86EA7632-DBF9-406D-9FD3-AE118733D3C8}.Release|ARM64.ActiveCfg = Release|Any CPU
		{86EA7632-DBF9-406D-9FD3-AE118733D3C8}.Release|ARM64.Build.0 = Release|Any CPU
		{86EA7632-DBF9-406D-9FD3-AE118733D3C8}.Release|x64.ActiveCfg = Release|Any CPU
		{86EA7632-DBF9-406D-9FD3-AE118733D3C8}.Release|x64.Build.0 = Release|Any CPU
		{86EA7632-DBF9-406D-9FD3-AE118733D3C8}.Release|x86.ActiveCfg = Release|Any CPU
		{86EA7632-DBF9-406D-9FD3-AE118733D3C8}.Release|x86.Build.0 = Release|Any CPU
		{D03422F2-D4FA-4720-BB70-4B035A753E50}.Debug|Any CPU.ActiveCfg = Debug|Any CPU
		{D03422F2-D4FA-4720-BB70-4B035A753E50}.Debug|Any CPU.Build.0 = Debug|Any CPU
		{D03422F2-D4FA-4720-BB70-4B035A753E50}.Debug|ARM.ActiveCfg = Debug|Any CPU
		{D03422F2-D4FA-4720-BB70-4B035A753E50}.Debug|ARM.Build.0 = Debug|Any CPU
		{D03422F2-D4FA-4720-BB70-4B035A753E50}.Debug|ARM64.ActiveCfg = Debug|Any CPU
		{D03422F2-D4FA-4720-BB70-4B035A753E50}.Debug|ARM64.Build.0 = Debug|Any CPU
		{D03422F2-D4FA-4720-BB70-4B035A753E50}.Debug|x64.ActiveCfg = Debug|Any CPU
		{D03422F2-D4FA-4720-BB70-4B035A753E50}.Debug|x64.Build.0 = Debug|Any CPU
		{D03422F2-D4FA-4720-BB70-4B035A753E50}.Debug|x86.ActiveCfg = Debug|Any CPU
		{D03422F2-D4FA-4720-BB70-4B035A753E50}.Debug|x86.Build.0 = Debug|Any CPU
		{D03422F2-D4FA-4720-BB70-4B035A753E50}.Release|Any CPU.ActiveCfg = Release|Any CPU
		{D03422F2-D4FA-4720-BB70-4B035A753E50}.Release|Any CPU.Build.0 = Release|Any CPU
		{D03422F2-D4FA-4720-BB70-4B035A753E50}.Release|ARM.ActiveCfg = Release|Any CPU
		{D03422F2-D4FA-4720-BB70-4B035A753E50}.Release|ARM.Build.0 = Release|Any CPU
		{D03422F2-D4FA-4720-BB70-4B035A753E50}.Release|ARM64.ActiveCfg = Release|Any CPU
		{D03422F2-D4FA-4720-BB70-4B035A753E50}.Release|ARM64.Build.0 = Release|Any CPU
		{D03422F2-D4FA-4720-BB70-4B035A753E50}.Release|x64.ActiveCfg = Release|Any CPU
		{D03422F2-D4FA-4720-BB70-4B035A753E50}.Release|x64.Build.0 = Release|Any CPU
		{D03422F2-D4FA-4720-BB70-4B035A753E50}.Release|x86.ActiveCfg = Release|Any CPU
		{D03422F2-D4FA-4720-BB70-4B035A753E50}.Release|x86.Build.0 = Release|Any CPU
		{1760CF74-36A4-4757-8AA9-D6293891499E}.Debug|Any CPU.ActiveCfg = Debug|Any CPU
		{1760CF74-36A4-4757-8AA9-D6293891499E}.Debug|Any CPU.Build.0 = Debug|Any CPU
		{1760CF74-36A4-4757-8AA9-D6293891499E}.Debug|ARM.ActiveCfg = Debug|Any CPU
		{1760CF74-36A4-4757-8AA9-D6293891499E}.Debug|ARM.Build.0 = Debug|Any CPU
		{1760CF74-36A4-4757-8AA9-D6293891499E}.Debug|ARM64.ActiveCfg = Debug|Any CPU
		{1760CF74-36A4-4757-8AA9-D6293891499E}.Debug|ARM64.Build.0 = Debug|Any CPU
		{1760CF74-36A4-4757-8AA9-D6293891499E}.Debug|x64.ActiveCfg = Debug|Any CPU
		{1760CF74-36A4-4757-8AA9-D6293891499E}.Debug|x64.Build.0 = Debug|Any CPU
		{1760CF74-36A4-4757-8AA9-D6293891499E}.Debug|x86.ActiveCfg = Debug|Any CPU
		{1760CF74-36A4-4757-8AA9-D6293891499E}.Debug|x86.Build.0 = Debug|Any CPU
		{1760CF74-36A4-4757-8AA9-D6293891499E}.Release|Any CPU.ActiveCfg = Release|Any CPU
		{1760CF74-36A4-4757-8AA9-D6293891499E}.Release|Any CPU.Build.0 = Release|Any CPU
		{1760CF74-36A4-4757-8AA9-D6293891499E}.Release|ARM.ActiveCfg = Release|Any CPU
		{1760CF74-36A4-4757-8AA9-D6293891499E}.Release|ARM.Build.0 = Release|Any CPU
		{1760CF74-36A4-4757-8AA9-D6293891499E}.Release|ARM64.ActiveCfg = Release|Any CPU
		{1760CF74-36A4-4757-8AA9-D6293891499E}.Release|ARM64.Build.0 = Release|Any CPU
		{1760CF74-36A4-4757-8AA9-D6293891499E}.Release|x64.ActiveCfg = Release|Any CPU
		{1760CF74-36A4-4757-8AA9-D6293891499E}.Release|x64.Build.0 = Release|Any CPU
		{1760CF74-36A4-4757-8AA9-D6293891499E}.Release|x86.ActiveCfg = Release|Any CPU
		{1760CF74-36A4-4757-8AA9-D6293891499E}.Release|x86.Build.0 = Release|Any CPU
		{6F59B257-CFE6-4AB3-A35D-0675C6936E4A}.Debug|Any CPU.ActiveCfg = Debug|Any CPU
		{6F59B257-CFE6-4AB3-A35D-0675C6936E4A}.Debug|Any CPU.Build.0 = Debug|Any CPU
		{6F59B257-CFE6-4AB3-A35D-0675C6936E4A}.Debug|ARM.ActiveCfg = Debug|ARM
		{6F59B257-CFE6-4AB3-A35D-0675C6936E4A}.Debug|ARM.Build.0 = Debug|ARM
		{6F59B257-CFE6-4AB3-A35D-0675C6936E4A}.Debug|ARM64.ActiveCfg = Debug|ARM64
		{6F59B257-CFE6-4AB3-A35D-0675C6936E4A}.Debug|ARM64.Build.0 = Debug|ARM64
		{6F59B257-CFE6-4AB3-A35D-0675C6936E4A}.Debug|x64.ActiveCfg = Debug|x64
		{6F59B257-CFE6-4AB3-A35D-0675C6936E4A}.Debug|x64.Build.0 = Debug|x64
		{6F59B257-CFE6-4AB3-A35D-0675C6936E4A}.Debug|x86.ActiveCfg = Debug|x86
		{6F59B257-CFE6-4AB3-A35D-0675C6936E4A}.Debug|x86.Build.0 = Debug|x86
		{6F59B257-CFE6-4AB3-A35D-0675C6936E4A}.Release|Any CPU.ActiveCfg = Release|Any CPU
		{6F59B257-CFE6-4AB3-A35D-0675C6936E4A}.Release|Any CPU.Build.0 = Release|Any CPU
		{6F59B257-CFE6-4AB3-A35D-0675C6936E4A}.Release|ARM.ActiveCfg = Release|ARM
		{6F59B257-CFE6-4AB3-A35D-0675C6936E4A}.Release|ARM.Build.0 = Release|ARM
		{6F59B257-CFE6-4AB3-A35D-0675C6936E4A}.Release|ARM64.ActiveCfg = Release|ARM64
		{6F59B257-CFE6-4AB3-A35D-0675C6936E4A}.Release|ARM64.Build.0 = Release|ARM64
		{6F59B257-CFE6-4AB3-A35D-0675C6936E4A}.Release|x64.ActiveCfg = Release|x64
		{6F59B257-CFE6-4AB3-A35D-0675C6936E4A}.Release|x64.Build.0 = Release|x64
		{6F59B257-CFE6-4AB3-A35D-0675C6936E4A}.Release|x86.ActiveCfg = Release|x86
		{6F59B257-CFE6-4AB3-A35D-0675C6936E4A}.Release|x86.Build.0 = Release|x86
		{2F168EDB-3DF7-4039-854C-DDC792697AE9}.Debug|Any CPU.ActiveCfg = Debug|Any CPU
		{2F168EDB-3DF7-4039-854C-DDC792697AE9}.Debug|Any CPU.Build.0 = Debug|Any CPU
		{2F168EDB-3DF7-4039-854C-DDC792697AE9}.Debug|ARM.ActiveCfg = Debug|Any CPU
		{2F168EDB-3DF7-4039-854C-DDC792697AE9}.Debug|ARM.Build.0 = Debug|Any CPU
		{2F168EDB-3DF7-4039-854C-DDC792697AE9}.Debug|ARM64.ActiveCfg = Debug|Any CPU
		{2F168EDB-3DF7-4039-854C-DDC792697AE9}.Debug|ARM64.Build.0 = Debug|Any CPU
		{2F168EDB-3DF7-4039-854C-DDC792697AE9}.Debug|x64.ActiveCfg = Debug|Any CPU
		{2F168EDB-3DF7-4039-854C-DDC792697AE9}.Debug|x64.Build.0 = Debug|Any CPU
		{2F168EDB-3DF7-4039-854C-DDC792697AE9}.Debug|x86.ActiveCfg = Debug|Any CPU
		{2F168EDB-3DF7-4039-854C-DDC792697AE9}.Debug|x86.Build.0 = Debug|Any CPU
		{2F168EDB-3DF7-4039-854C-DDC792697AE9}.Release|Any CPU.ActiveCfg = Release|Any CPU
		{2F168EDB-3DF7-4039-854C-DDC792697AE9}.Release|Any CPU.Build.0 = Release|Any CPU
		{2F168EDB-3DF7-4039-854C-DDC792697AE9}.Release|ARM.ActiveCfg = Release|Any CPU
		{2F168EDB-3DF7-4039-854C-DDC792697AE9}.Release|ARM.Build.0 = Release|Any CPU
		{2F168EDB-3DF7-4039-854C-DDC792697AE9}.Release|ARM64.ActiveCfg = Release|Any CPU
		{2F168EDB-3DF7-4039-854C-DDC792697AE9}.Release|ARM64.Build.0 = Release|Any CPU
		{2F168EDB-3DF7-4039-854C-DDC792697AE9}.Release|x64.ActiveCfg = Release|Any CPU
		{2F168EDB-3DF7-4039-854C-DDC792697AE9}.Release|x64.Build.0 = Release|Any CPU
		{2F168EDB-3DF7-4039-854C-DDC792697AE9}.Release|x86.ActiveCfg = Release|Any CPU
		{2F168EDB-3DF7-4039-854C-DDC792697AE9}.Release|x86.Build.0 = Release|Any CPU
		{EB1FD669-F456-4963-890E-DC6093FBCEC7}.Debug|Any CPU.ActiveCfg = Debug|Any CPU
		{EB1FD669-F456-4963-890E-DC6093FBCEC7}.Debug|ARM.ActiveCfg = Debug|Any CPU
		{EB1FD669-F456-4963-890E-DC6093FBCEC7}.Debug|ARM.Build.0 = Debug|Any CPU
		{EB1FD669-F456-4963-890E-DC6093FBCEC7}.Debug|ARM64.ActiveCfg = Debug|Any CPU
		{EB1FD669-F456-4963-890E-DC6093FBCEC7}.Debug|ARM64.Build.0 = Debug|Any CPU
		{EB1FD669-F456-4963-890E-DC6093FBCEC7}.Debug|x64.ActiveCfg = Debug|Any CPU
		{EB1FD669-F456-4963-890E-DC6093FBCEC7}.Debug|x64.Build.0 = Debug|Any CPU
		{EB1FD669-F456-4963-890E-DC6093FBCEC7}.Debug|x86.ActiveCfg = Debug|Any CPU
		{EB1FD669-F456-4963-890E-DC6093FBCEC7}.Debug|x86.Build.0 = Debug|Any CPU
		{EB1FD669-F456-4963-890E-DC6093FBCEC7}.Release|Any CPU.ActiveCfg = Release|Any CPU
		{EB1FD669-F456-4963-890E-DC6093FBCEC7}.Release|Any CPU.Build.0 = Release|Any CPU
		{EB1FD669-F456-4963-890E-DC6093FBCEC7}.Release|ARM.ActiveCfg = Release|Any CPU
		{EB1FD669-F456-4963-890E-DC6093FBCEC7}.Release|ARM.Build.0 = Release|Any CPU
		{EB1FD669-F456-4963-890E-DC6093FBCEC7}.Release|ARM64.ActiveCfg = Release|Any CPU
		{EB1FD669-F456-4963-890E-DC6093FBCEC7}.Release|ARM64.Build.0 = Release|Any CPU
		{EB1FD669-F456-4963-890E-DC6093FBCEC7}.Release|x64.ActiveCfg = Release|Any CPU
		{EB1FD669-F456-4963-890E-DC6093FBCEC7}.Release|x64.Build.0 = Release|Any CPU
		{EB1FD669-F456-4963-890E-DC6093FBCEC7}.Release|x86.ActiveCfg = Release|Any CPU
		{EB1FD669-F456-4963-890E-DC6093FBCEC7}.Release|x86.Build.0 = Release|Any CPU
		{F5DF3BEB-95C6-4764-8485-A24EC59E8282}.Debug|Any CPU.ActiveCfg = Debug|Any CPU
		{F5DF3BEB-95C6-4764-8485-A24EC59E8282}.Debug|Any CPU.Build.0 = Debug|Any CPU
		{F5DF3BEB-95C6-4764-8485-A24EC59E8282}.Debug|ARM.ActiveCfg = Debug|Any CPU
		{F5DF3BEB-95C6-4764-8485-A24EC59E8282}.Debug|ARM.Build.0 = Debug|Any CPU
		{F5DF3BEB-95C6-4764-8485-A24EC59E8282}.Debug|ARM64.ActiveCfg = Debug|Any CPU
		{F5DF3BEB-95C6-4764-8485-A24EC59E8282}.Debug|ARM64.Build.0 = Debug|Any CPU
		{F5DF3BEB-95C6-4764-8485-A24EC59E8282}.Debug|x64.ActiveCfg = Debug|Any CPU
		{F5DF3BEB-95C6-4764-8485-A24EC59E8282}.Debug|x64.Build.0 = Debug|Any CPU
		{F5DF3BEB-95C6-4764-8485-A24EC59E8282}.Debug|x86.ActiveCfg = Debug|Any CPU
		{F5DF3BEB-95C6-4764-8485-A24EC59E8282}.Debug|x86.Build.0 = Debug|Any CPU
		{F5DF3BEB-95C6-4764-8485-A24EC59E8282}.Release|Any CPU.ActiveCfg = Release|Any CPU
		{F5DF3BEB-95C6-4764-8485-A24EC59E8282}.Release|Any CPU.Build.0 = Release|Any CPU
		{F5DF3BEB-95C6-4764-8485-A24EC59E8282}.Release|ARM.ActiveCfg = Release|Any CPU
		{F5DF3BEB-95C6-4764-8485-A24EC59E8282}.Release|ARM.Build.0 = Release|Any CPU
		{F5DF3BEB-95C6-4764-8485-A24EC59E8282}.Release|ARM64.ActiveCfg = Release|Any CPU
		{F5DF3BEB-95C6-4764-8485-A24EC59E8282}.Release|ARM64.Build.0 = Release|Any CPU
		{F5DF3BEB-95C6-4764-8485-A24EC59E8282}.Release|x64.ActiveCfg = Release|Any CPU
		{F5DF3BEB-95C6-4764-8485-A24EC59E8282}.Release|x64.Build.0 = Release|Any CPU
		{F5DF3BEB-95C6-4764-8485-A24EC59E8282}.Release|x86.ActiveCfg = Release|Any CPU
		{F5DF3BEB-95C6-4764-8485-A24EC59E8282}.Release|x86.Build.0 = Release|Any CPU
		{556F3062-2219-4105-A7A4-9E03C985037B}.Debug|Any CPU.ActiveCfg = Debug|Any CPU
		{556F3062-2219-4105-A7A4-9E03C985037B}.Debug|Any CPU.Build.0 = Debug|Any CPU
		{556F3062-2219-4105-A7A4-9E03C985037B}.Debug|ARM.ActiveCfg = Debug|Any CPU
		{556F3062-2219-4105-A7A4-9E03C985037B}.Debug|ARM.Build.0 = Debug|Any CPU
		{556F3062-2219-4105-A7A4-9E03C985037B}.Debug|ARM64.ActiveCfg = Debug|Any CPU
		{556F3062-2219-4105-A7A4-9E03C985037B}.Debug|ARM64.Build.0 = Debug|Any CPU
		{556F3062-2219-4105-A7A4-9E03C985037B}.Debug|x64.ActiveCfg = Debug|Any CPU
		{556F3062-2219-4105-A7A4-9E03C985037B}.Debug|x64.Build.0 = Debug|Any CPU
		{556F3062-2219-4105-A7A4-9E03C985037B}.Debug|x86.ActiveCfg = Debug|Any CPU
		{556F3062-2219-4105-A7A4-9E03C985037B}.Debug|x86.Build.0 = Debug|Any CPU
		{556F3062-2219-4105-A7A4-9E03C985037B}.Release|Any CPU.ActiveCfg = Release|Any CPU
		{556F3062-2219-4105-A7A4-9E03C985037B}.Release|Any CPU.Build.0 = Release|Any CPU
		{556F3062-2219-4105-A7A4-9E03C985037B}.Release|ARM.ActiveCfg = Release|Any CPU
		{556F3062-2219-4105-A7A4-9E03C985037B}.Release|ARM.Build.0 = Release|Any CPU
		{556F3062-2219-4105-A7A4-9E03C985037B}.Release|ARM64.ActiveCfg = Release|Any CPU
		{556F3062-2219-4105-A7A4-9E03C985037B}.Release|ARM64.Build.0 = Release|Any CPU
		{556F3062-2219-4105-A7A4-9E03C985037B}.Release|x64.ActiveCfg = Release|Any CPU
		{556F3062-2219-4105-A7A4-9E03C985037B}.Release|x64.Build.0 = Release|Any CPU
		{556F3062-2219-4105-A7A4-9E03C985037B}.Release|x86.ActiveCfg = Release|Any CPU
		{556F3062-2219-4105-A7A4-9E03C985037B}.Release|x86.Build.0 = Release|Any CPU
		{AB16AC34-84E0-410B-BD72-9A338D8E8CEF}.Debug|Any CPU.ActiveCfg = Debug|Any CPU
		{AB16AC34-84E0-410B-BD72-9A338D8E8CEF}.Debug|Any CPU.Build.0 = Debug|Any CPU
		{AB16AC34-84E0-410B-BD72-9A338D8E8CEF}.Debug|ARM.ActiveCfg = Debug|Any CPU
		{AB16AC34-84E0-410B-BD72-9A338D8E8CEF}.Debug|ARM.Build.0 = Debug|Any CPU
		{AB16AC34-84E0-410B-BD72-9A338D8E8CEF}.Debug|ARM64.ActiveCfg = Debug|Any CPU
		{AB16AC34-84E0-410B-BD72-9A338D8E8CEF}.Debug|ARM64.Build.0 = Debug|Any CPU
		{AB16AC34-84E0-410B-BD72-9A338D8E8CEF}.Debug|x64.ActiveCfg = Debug|Any CPU
		{AB16AC34-84E0-410B-BD72-9A338D8E8CEF}.Debug|x64.Build.0 = Debug|Any CPU
		{AB16AC34-84E0-410B-BD72-9A338D8E8CEF}.Debug|x86.ActiveCfg = Debug|Any CPU
		{AB16AC34-84E0-410B-BD72-9A338D8E8CEF}.Debug|x86.Build.0 = Debug|Any CPU
		{AB16AC34-84E0-410B-BD72-9A338D8E8CEF}.Release|Any CPU.ActiveCfg = Release|Any CPU
		{AB16AC34-84E0-410B-BD72-9A338D8E8CEF}.Release|Any CPU.Build.0 = Release|Any CPU
		{AB16AC34-84E0-410B-BD72-9A338D8E8CEF}.Release|ARM.ActiveCfg = Release|Any CPU
		{AB16AC34-84E0-410B-BD72-9A338D8E8CEF}.Release|ARM.Build.0 = Release|Any CPU
		{AB16AC34-84E0-410B-BD72-9A338D8E8CEF}.Release|ARM64.ActiveCfg = Release|Any CPU
		{AB16AC34-84E0-410B-BD72-9A338D8E8CEF}.Release|ARM64.Build.0 = Release|Any CPU
		{AB16AC34-84E0-410B-BD72-9A338D8E8CEF}.Release|x64.ActiveCfg = Release|Any CPU
		{AB16AC34-84E0-410B-BD72-9A338D8E8CEF}.Release|x64.Build.0 = Release|Any CPU
		{AB16AC34-84E0-410B-BD72-9A338D8E8CEF}.Release|x86.ActiveCfg = Release|Any CPU
		{AB16AC34-84E0-410B-BD72-9A338D8E8CEF}.Release|x86.Build.0 = Release|Any CPU
		{EBDFC47C-F18A-4368-B40F-94F92AE67848}.Debug|Any CPU.ActiveCfg = Debug|Any CPU
		{EBDFC47C-F18A-4368-B40F-94F92AE67848}.Debug|Any CPU.Build.0 = Debug|Any CPU
		{EBDFC47C-F18A-4368-B40F-94F92AE67848}.Debug|ARM.ActiveCfg = Debug|Any CPU
		{EBDFC47C-F18A-4368-B40F-94F92AE67848}.Debug|ARM.Build.0 = Debug|Any CPU
		{EBDFC47C-F18A-4368-B40F-94F92AE67848}.Debug|ARM64.ActiveCfg = Debug|Any CPU
		{EBDFC47C-F18A-4368-B40F-94F92AE67848}.Debug|ARM64.Build.0 = Debug|Any CPU
		{EBDFC47C-F18A-4368-B40F-94F92AE67848}.Debug|x64.ActiveCfg = Debug|Any CPU
		{EBDFC47C-F18A-4368-B40F-94F92AE67848}.Debug|x64.Build.0 = Debug|Any CPU
		{EBDFC47C-F18A-4368-B40F-94F92AE67848}.Debug|x86.ActiveCfg = Debug|Any CPU
		{EBDFC47C-F18A-4368-B40F-94F92AE67848}.Debug|x86.Build.0 = Debug|Any CPU
		{EBDFC47C-F18A-4368-B40F-94F92AE67848}.Release|Any CPU.ActiveCfg = Release|Any CPU
		{EBDFC47C-F18A-4368-B40F-94F92AE67848}.Release|Any CPU.Build.0 = Release|Any CPU
		{EBDFC47C-F18A-4368-B40F-94F92AE67848}.Release|ARM.ActiveCfg = Release|Any CPU
		{EBDFC47C-F18A-4368-B40F-94F92AE67848}.Release|ARM.Build.0 = Release|Any CPU
		{EBDFC47C-F18A-4368-B40F-94F92AE67848}.Release|ARM64.ActiveCfg = Release|Any CPU
		{EBDFC47C-F18A-4368-B40F-94F92AE67848}.Release|ARM64.Build.0 = Release|Any CPU
		{EBDFC47C-F18A-4368-B40F-94F92AE67848}.Release|x64.ActiveCfg = Release|Any CPU
		{EBDFC47C-F18A-4368-B40F-94F92AE67848}.Release|x64.Build.0 = Release|Any CPU
		{EBDFC47C-F18A-4368-B40F-94F92AE67848}.Release|x86.ActiveCfg = Release|Any CPU
		{EBDFC47C-F18A-4368-B40F-94F92AE67848}.Release|x86.Build.0 = Release|Any CPU
		{4E432B01-294C-45DD-8E9E-696B3B13ABAD}.Debug|Any CPU.ActiveCfg = Debug|Any CPU
		{4E432B01-294C-45DD-8E9E-696B3B13ABAD}.Debug|Any CPU.Build.0 = Debug|Any CPU
		{4E432B01-294C-45DD-8E9E-696B3B13ABAD}.Debug|ARM.ActiveCfg = Debug|Any CPU
		{4E432B01-294C-45DD-8E9E-696B3B13ABAD}.Debug|ARM.Build.0 = Debug|Any CPU
		{4E432B01-294C-45DD-8E9E-696B3B13ABAD}.Debug|ARM64.ActiveCfg = Debug|Any CPU
		{4E432B01-294C-45DD-8E9E-696B3B13ABAD}.Debug|ARM64.Build.0 = Debug|Any CPU
		{4E432B01-294C-45DD-8E9E-696B3B13ABAD}.Debug|x64.ActiveCfg = Debug|Any CPU
		{4E432B01-294C-45DD-8E9E-696B3B13ABAD}.Debug|x64.Build.0 = Debug|Any CPU
		{4E432B01-294C-45DD-8E9E-696B3B13ABAD}.Debug|x86.ActiveCfg = Debug|Any CPU
		{4E432B01-294C-45DD-8E9E-696B3B13ABAD}.Debug|x86.Build.0 = Debug|Any CPU
		{4E432B01-294C-45DD-8E9E-696B3B13ABAD}.Release|Any CPU.ActiveCfg = Release|Any CPU
		{4E432B01-294C-45DD-8E9E-696B3B13ABAD}.Release|Any CPU.Build.0 = Release|Any CPU
		{4E432B01-294C-45DD-8E9E-696B3B13ABAD}.Release|ARM.ActiveCfg = Release|Any CPU
		{4E432B01-294C-45DD-8E9E-696B3B13ABAD}.Release|ARM.Build.0 = Release|Any CPU
		{4E432B01-294C-45DD-8E9E-696B3B13ABAD}.Release|ARM64.ActiveCfg = Release|Any CPU
		{4E432B01-294C-45DD-8E9E-696B3B13ABAD}.Release|ARM64.Build.0 = Release|Any CPU
		{4E432B01-294C-45DD-8E9E-696B3B13ABAD}.Release|x64.ActiveCfg = Release|Any CPU
		{4E432B01-294C-45DD-8E9E-696B3B13ABAD}.Release|x64.Build.0 = Release|Any CPU
		{4E432B01-294C-45DD-8E9E-696B3B13ABAD}.Release|x86.ActiveCfg = Release|Any CPU
		{4E432B01-294C-45DD-8E9E-696B3B13ABAD}.Release|x86.Build.0 = Release|Any CPU
		{D61540EA-0722-4DDE-B37E-62701EC05684}.Debug|Any CPU.ActiveCfg = Debug|Any CPU
		{D61540EA-0722-4DDE-B37E-62701EC05684}.Debug|Any CPU.Build.0 = Debug|Any CPU
		{D61540EA-0722-4DDE-B37E-62701EC05684}.Debug|ARM.ActiveCfg = Debug|Any CPU
		{D61540EA-0722-4DDE-B37E-62701EC05684}.Debug|ARM.Build.0 = Debug|Any CPU
		{D61540EA-0722-4DDE-B37E-62701EC05684}.Debug|ARM64.ActiveCfg = Debug|Any CPU
		{D61540EA-0722-4DDE-B37E-62701EC05684}.Debug|ARM64.Build.0 = Debug|Any CPU
		{D61540EA-0722-4DDE-B37E-62701EC05684}.Debug|x64.ActiveCfg = Debug|Any CPU
		{D61540EA-0722-4DDE-B37E-62701EC05684}.Debug|x64.Build.0 = Debug|Any CPU
		{D61540EA-0722-4DDE-B37E-62701EC05684}.Debug|x86.ActiveCfg = Debug|Any CPU
		{D61540EA-0722-4DDE-B37E-62701EC05684}.Debug|x86.Build.0 = Debug|Any CPU
		{D61540EA-0722-4DDE-B37E-62701EC05684}.Release|Any CPU.ActiveCfg = Release|Any CPU
		{D61540EA-0722-4DDE-B37E-62701EC05684}.Release|Any CPU.Build.0 = Release|Any CPU
		{D61540EA-0722-4DDE-B37E-62701EC05684}.Release|ARM.ActiveCfg = Release|Any CPU
		{D61540EA-0722-4DDE-B37E-62701EC05684}.Release|ARM.Build.0 = Release|Any CPU
		{D61540EA-0722-4DDE-B37E-62701EC05684}.Release|ARM64.ActiveCfg = Release|Any CPU
		{D61540EA-0722-4DDE-B37E-62701EC05684}.Release|ARM64.Build.0 = Release|Any CPU
		{D61540EA-0722-4DDE-B37E-62701EC05684}.Release|x64.ActiveCfg = Release|Any CPU
		{D61540EA-0722-4DDE-B37E-62701EC05684}.Release|x64.Build.0 = Release|Any CPU
		{D61540EA-0722-4DDE-B37E-62701EC05684}.Release|x86.ActiveCfg = Release|Any CPU
		{D61540EA-0722-4DDE-B37E-62701EC05684}.Release|x86.Build.0 = Release|Any CPU
		{C80E0E36-2714-48FC-8D99-B03DC6C96164}.Debug|Any CPU.ActiveCfg = Debug|Any CPU
		{C80E0E36-2714-48FC-8D99-B03DC6C96164}.Debug|Any CPU.Build.0 = Debug|Any CPU
		{C80E0E36-2714-48FC-8D99-B03DC6C96164}.Debug|ARM.ActiveCfg = Debug|Any CPU
		{C80E0E36-2714-48FC-8D99-B03DC6C96164}.Debug|ARM.Build.0 = Debug|Any CPU
		{C80E0E36-2714-48FC-8D99-B03DC6C96164}.Debug|ARM64.ActiveCfg = Debug|Any CPU
		{C80E0E36-2714-48FC-8D99-B03DC6C96164}.Debug|ARM64.Build.0 = Debug|Any CPU
		{C80E0E36-2714-48FC-8D99-B03DC6C96164}.Debug|x64.ActiveCfg = Debug|Any CPU
		{C80E0E36-2714-48FC-8D99-B03DC6C96164}.Debug|x64.Build.0 = Debug|Any CPU
		{C80E0E36-2714-48FC-8D99-B03DC6C96164}.Debug|x86.ActiveCfg = Debug|Any CPU
		{C80E0E36-2714-48FC-8D99-B03DC6C96164}.Debug|x86.Build.0 = Debug|Any CPU
		{C80E0E36-2714-48FC-8D99-B03DC6C96164}.Release|Any CPU.ActiveCfg = Release|Any CPU
		{C80E0E36-2714-48FC-8D99-B03DC6C96164}.Release|Any CPU.Build.0 = Release|Any CPU
		{C80E0E36-2714-48FC-8D99-B03DC6C96164}.Release|ARM.ActiveCfg = Release|Any CPU
		{C80E0E36-2714-48FC-8D99-B03DC6C96164}.Release|ARM.Build.0 = Release|Any CPU
		{C80E0E36-2714-48FC-8D99-B03DC6C96164}.Release|ARM64.ActiveCfg = Release|Any CPU
		{C80E0E36-2714-48FC-8D99-B03DC6C96164}.Release|ARM64.Build.0 = Release|Any CPU
		{C80E0E36-2714-48FC-8D99-B03DC6C96164}.Release|x64.ActiveCfg = Release|Any CPU
		{C80E0E36-2714-48FC-8D99-B03DC6C96164}.Release|x64.Build.0 = Release|Any CPU
		{C80E0E36-2714-48FC-8D99-B03DC6C96164}.Release|x86.ActiveCfg = Release|Any CPU
		{C80E0E36-2714-48FC-8D99-B03DC6C96164}.Release|x86.Build.0 = Release|Any CPU
	EndGlobalSection
	GlobalSection(SolutionProperties) = preSolution
		HideSolutionNode = FALSE
	EndGlobalSection
	GlobalSection(NestedProjects) = preSolution
		{86EA7632-DBF9-406D-9FD3-AE118733D3C8} = {E29B4D4A-76AE-454F-8CD8-90148AA01D52}
		{D03422F2-D4FA-4720-BB70-4B035A753E50} = {E29B4D4A-76AE-454F-8CD8-90148AA01D52}
		{24D7D656-F7DB-4224-9A85-AFE38FF6E4DE} = {E29B4D4A-76AE-454F-8CD8-90148AA01D52}
		{1760CF74-36A4-4757-8AA9-D6293891499E} = {E29B4D4A-76AE-454F-8CD8-90148AA01D52}
		{6F59B257-CFE6-4AB3-A35D-0675C6936E4A} = {E29B4D4A-76AE-454F-8CD8-90148AA01D52}
		{2F168EDB-3DF7-4039-854C-DDC792697AE9} = {4BAFC641-0FD7-498A-8B36-AF3E13EDA6AE}
		{EB1FD669-F456-4963-890E-DC6093FBCEC7} = {7B950365-049E-4729-8810-1B9826FEA9D0}
		{F5DF3BEB-95C6-4764-8485-A24EC59E8282} = {E29B4D4A-76AE-454F-8CD8-90148AA01D52}
		{556F3062-2219-4105-A7A4-9E03C985037B} = {E29B4D4A-76AE-454F-8CD8-90148AA01D52}
		{AB16AC34-84E0-410B-BD72-9A338D8E8CEF} = {E29B4D4A-76AE-454F-8CD8-90148AA01D52}
		{EBDFC47C-F18A-4368-B40F-94F92AE67848} = {E29B4D4A-76AE-454F-8CD8-90148AA01D52}
		{4E432B01-294C-45DD-8E9E-696B3B13ABAD} = {6BBFABC6-1D46-4ECE-A9A0-D4F98E5EFD2E}
		{D61540EA-0722-4DDE-B37E-62701EC05684} = {6BBFABC6-1D46-4ECE-A9A0-D4F98E5EFD2E}
		{C80E0E36-2714-48FC-8D99-B03DC6C96164} = {6BBFABC6-1D46-4ECE-A9A0-D4F98E5EFD2E}
	EndGlobalSection
	GlobalSection(ExtensibilityGlobals) = postSolution
		SolutionGuid = {EA554914-5C65-43F3-ADFB-C436CCD65309}
	EndGlobalSection
	GlobalSection(SharedMSBuildProjectFiles) = preSolution
		Src\AVMHomeAutomationShare\AVMHomeAutomationShare.projitems*{1760cf74-36a4-4757-8aa9-d6293891499e}*SharedItemsImports = 5
		Src\AVMHomeAutomationShare\AVMHomeAutomationShare.projitems*{24d7d656-f7db-4224-9a85-afe38ff6e4de}*SharedItemsImports = 13
		Src\AVMHomeAutomationShare\AVMHomeAutomationShare.projitems*{556f3062-2219-4105-a7a4-9e03c985037b}*SharedItemsImports = 5
		Src\AVMHomeAutomationShare\AVMHomeAutomationShare.projitems*{6f59b257-cfe6-4ab3-a35d-0675c6936e4a}*SharedItemsImports = 4
		Src\AVMHomeAutomationShare\AVMHomeAutomationShare.projitems*{86ea7632-dbf9-406d-9fd3-ae118733d3c8}*SharedItemsImports = 5
		Src\AVMHomeAutomationShare\AVMHomeAutomationShare.projitems*{ab16ac34-84e0-410b-bd72-9a338d8e8cef}*SharedItemsImports = 5
		Src\AVMHomeAutomationShare\AVMHomeAutomationShare.projitems*{d03422f2-d4fa-4720-bb70-4b035a753e50}*SharedItemsImports = 4
		Src\AVMHomeAutomationShare\AVMHomeAutomationShare.projitems*{ebdfc47c-f18a-4368-b40f-94f92ae67848}*SharedItemsImports = 4
		Src\AVMHomeAutomationShare\AVMHomeAutomationShare.projitems*{f5df3beb-95c6-4764-8485-a24ec59e8282}*SharedItemsImports = 5
	EndGlobalSection
EndGlobal
